// !$*UTF8*$!
{
	archiveVersion = 1;
	classes = {
	};
	objectVersion = 55;
	objects = {

/* Begin PBXBuildFile section */
		33100A2F297164A6004A6B32 /* UIViewController + Extension.swift in Sources */ = {isa = PBXBuildFile; fileRef = 33100A2E297164A6004A6B32 /* UIViewController + Extension.swift */; };
		332670BD2906C87C00EE3472 /* AppDelegate.swift in Sources */ = {isa = PBXBuildFile; fileRef = 332670BC2906C87C00EE3472 /* AppDelegate.swift */; };
		332670BF2906C87C00EE3472 /* SceneDelegate.swift in Sources */ = {isa = PBXBuildFile; fileRef = 332670BE2906C87C00EE3472 /* SceneDelegate.swift */; };
		332670C42906C87C00EE3472 /* Main.storyboard in Resources */ = {isa = PBXBuildFile; fileRef = 332670C22906C87C00EE3472 /* Main.storyboard */; };
		332670C62906C87E00EE3472 /* Assets.xcassets in Resources */ = {isa = PBXBuildFile; fileRef = 332670C52906C87E00EE3472 /* Assets.xcassets */; };
		332670C92906C87E00EE3472 /* LaunchScreen.storyboard in Resources */ = {isa = PBXBuildFile; fileRef = 332670C72906C87E00EE3472 /* LaunchScreen.storyboard */; };
		33874BCE29092D740041BBAC /* DetailMoviesViewController.swift in Sources */ = {isa = PBXBuildFile; fileRef = 33874BCD29092D740041BBAC /* DetailMoviesViewController.swift */; };
		33A0AE6E2970B80D001BEB32 /* ModuleBuilder.swift in Sources */ = {isa = PBXBuildFile; fileRef = 33A0AE6D2970B80D001BEB32 /* ModuleBuilder.swift */; };
		33A0AE702970B891001BEB32 /* Builderable.swift in Sources */ = {isa = PBXBuildFile; fileRef = 33A0AE6F2970B891001BEB32 /* Builderable.swift */; };
		33A0AE732970B8B0001BEB32 /* Router.swift in Sources */ = {isa = PBXBuildFile; fileRef = 33A0AE722970B8B0001BEB32 /* Router.swift */; };
		33A0AE752970B8BB001BEB32 /* RouterMainProtocol.swift in Sources */ = {isa = PBXBuildFile; fileRef = 33A0AE742970B8BB001BEB32 /* RouterMainProtocol.swift */; };
		33A0AE772970B8C4001BEB32 /* Routerable.swift in Sources */ = {isa = PBXBuildFile; fileRef = 33A0AE762970B8C4001BEB32 /* Routerable.swift */; };
		33A0AE7A2970B904001BEB32 /* NetworkAPI.swift in Sources */ = {isa = PBXBuildFile; fileRef = 33A0AE792970B904001BEB32 /* NetworkAPI.swift */; };
		33A0AE7C2970B9C9001BEB32 /* RequestType.swift in Sources */ = {isa = PBXBuildFile; fileRef = 33A0AE7B2970B9C9001BEB32 /* RequestType.swift */; };
		33A0AE882970BA79001BEB32 /* Movies.swift in Sources */ = {isa = PBXBuildFile; fileRef = 33A0AE872970BA79001BEB32 /* Movies.swift */; };
		33A0AE8A2970BAA8001BEB32 /* MoviesViewController.swift in Sources */ = {isa = PBXBuildFile; fileRef = 33A0AE892970BAA8001BEB32 /* MoviesViewController.swift */; };
		33A0AE8C2970BAF7001BEB32 /* MoviesViewProtocol.swift in Sources */ = {isa = PBXBuildFile; fileRef = 33A0AE8B2970BAF7001BEB32 /* MoviesViewProtocol.swift */; };
		33A0AE8E2970BB11001BEB32 /* MoviesPresenter.swift in Sources */ = {isa = PBXBuildFile; fileRef = 33A0AE8D2970BB11001BEB32 /* MoviesPresenter.swift */; };
		33A0AE902970BBC1001BEB32 /* MoviesPresentable.swift in Sources */ = {isa = PBXBuildFile; fileRef = 33A0AE8F2970BBC1001BEB32 /* MoviesPresentable.swift */; };
		33A0AE922970BC43001BEB32 /* Actor.swift in Sources */ = {isa = PBXBuildFile; fileRef = 33A0AE912970BC43001BEB32 /* Actor.swift */; };
		33A0AE942970BCD1001BEB32 /* DetailMoviesViewProtocol.swift in Sources */ = {isa = PBXBuildFile; fileRef = 33A0AE932970BCD1001BEB32 /* DetailMoviesViewProtocol.swift */; };
		33A0AE962970BCEE001BEB32 /* DetailMoviesPresenter.swift in Sources */ = {isa = PBXBuildFile; fileRef = 33A0AE952970BCEE001BEB32 /* DetailMoviesPresenter.swift */; };
		33A0AE982970BCFE001BEB32 /* DetailMoviesable.swift in Sources */ = {isa = PBXBuildFile; fileRef = 33A0AE972970BCFE001BEB32 /* DetailMoviesable.swift */; };
		33A0AE9C2970BD43001BEB32 /* NetworkService.swift in Sources */ = {isa = PBXBuildFile; fileRef = 33A0AE9B2970BD43001BEB32 /* NetworkService.swift */; };
		33A0AE9E2970BD4C001BEB32 /* NetworkCoreService.swift in Sources */ = {isa = PBXBuildFile; fileRef = 33A0AE9D2970BD4C001BEB32 /* NetworkCoreService.swift */; };
		33A0AEA02970BD68001BEB32 /* NetworkServicable.swift in Sources */ = {isa = PBXBuildFile; fileRef = 33A0AE9F2970BD68001BEB32 /* NetworkServicable.swift */; };
		33A0AEA32970BE21001BEB32 /* SwiftyJSON in Frameworks */ = {isa = PBXBuildFile; productRef = 33A0AEA22970BE21001BEB32 /* SwiftyJSON */; };
		33A0AEA62970BE45001BEB32 /* Alamofire in Frameworks */ = {isa = PBXBuildFile; productRef = 33A0AEA52970BE45001BEB32 /* Alamofire */; };
		33A73F71290720F00089B6F2 /* MovieTableViewCell.swift in Sources */ = {isa = PBXBuildFile; fileRef = 33A73F70290720F00089B6F2 /* MovieTableViewCell.swift */; };
		33F12B642970AA7000201D2C /* ActorCollectionViewCell.swift in Sources */ = {isa = PBXBuildFile; fileRef = 33F12B632970AA7000201D2C /* ActorCollectionViewCell.swift */; };
/* End PBXBuildFile section */

/* Begin PBXFileReference section */
		33100A2E297164A6004A6B32 /* UIViewController + Extension.swift */ = {isa = PBXFileReference; lastKnownFileType = sourcecode.swift; path = "UIViewController + Extension.swift"; sourceTree = "<group>"; };
		332670B92906C87C00EE3472 /* MovieMVP.app */ = {isa = PBXFileReference; explicitFileType = wrapper.application; includeInIndex = 0; path = MovieMVP.app; sourceTree = BUILT_PRODUCTS_DIR; };
		332670BC2906C87C00EE3472 /* AppDelegate.swift */ = {isa = PBXFileReference; lastKnownFileType = sourcecode.swift; path = AppDelegate.swift; sourceTree = "<group>"; };
		332670BE2906C87C00EE3472 /* SceneDelegate.swift */ = {isa = PBXFileReference; lastKnownFileType = sourcecode.swift; path = SceneDelegate.swift; sourceTree = "<group>"; };
		332670C32906C87C00EE3472 /* Base */ = {isa = PBXFileReference; lastKnownFileType = file.storyboard; name = Base; path = Base.lproj/Main.storyboard; sourceTree = "<group>"; };
		332670C52906C87E00EE3472 /* Assets.xcassets */ = {isa = PBXFileReference; lastKnownFileType = folder.assetcatalog; path = Assets.xcassets; sourceTree = "<group>"; };
		332670C82906C87E00EE3472 /* Base */ = {isa = PBXFileReference; lastKnownFileType = file.storyboard; name = Base; path = Base.lproj/LaunchScreen.storyboard; sourceTree = "<group>"; };
		332670CA2906C87E00EE3472 /* Info.plist */ = {isa = PBXFileReference; lastKnownFileType = text.plist.xml; path = Info.plist; sourceTree = "<group>"; };
		33874BCD29092D740041BBAC /* DetailMoviesViewController.swift */ = {isa = PBXFileReference; lastKnownFileType = sourcecode.swift; path = DetailMoviesViewController.swift; sourceTree = "<group>"; };
		33A0AE6D2970B80D001BEB32 /* ModuleBuilder.swift */ = {isa = PBXFileReference; lastKnownFileType = sourcecode.swift; path = ModuleBuilder.swift; sourceTree = "<group>"; };
		33A0AE6F2970B891001BEB32 /* Builderable.swift */ = {isa = PBXFileReference; lastKnownFileType = sourcecode.swift; path = Builderable.swift; sourceTree = "<group>"; };
		33A0AE722970B8B0001BEB32 /* Router.swift */ = {isa = PBXFileReference; lastKnownFileType = sourcecode.swift; path = Router.swift; sourceTree = "<group>"; };
		33A0AE742970B8BB001BEB32 /* RouterMainProtocol.swift */ = {isa = PBXFileReference; lastKnownFileType = sourcecode.swift; path = RouterMainProtocol.swift; sourceTree = "<group>"; };
		33A0AE762970B8C4001BEB32 /* Routerable.swift */ = {isa = PBXFileReference; lastKnownFileType = sourcecode.swift; path = Routerable.swift; sourceTree = "<group>"; };
		33A0AE792970B904001BEB32 /* NetworkAPI.swift */ = {isa = PBXFileReference; lastKnownFileType = sourcecode.swift; path = NetworkAPI.swift; sourceTree = "<group>"; };
		33A0AE7B2970B9C9001BEB32 /* RequestType.swift */ = {isa = PBXFileReference; lastKnownFileType = sourcecode.swift; path = RequestType.swift; sourceTree = "<group>"; };
		33A0AE872970BA79001BEB32 /* Movies.swift */ = {isa = PBXFileReference; lastKnownFileType = sourcecode.swift; path = Movies.swift; sourceTree = "<group>"; };
		33A0AE892970BAA8001BEB32 /* MoviesViewController.swift */ = {isa = PBXFileReference; lastKnownFileType = sourcecode.swift; path = MoviesViewController.swift; sourceTree = "<group>"; };
		33A0AE8B2970BAF7001BEB32 /* MoviesViewProtocol.swift */ = {isa = PBXFileReference; lastKnownFileType = sourcecode.swift; path = MoviesViewProtocol.swift; sourceTree = "<group>"; };
		33A0AE8D2970BB11001BEB32 /* MoviesPresenter.swift */ = {isa = PBXFileReference; lastKnownFileType = sourcecode.swift; path = MoviesPresenter.swift; sourceTree = "<group>"; };
		33A0AE8F2970BBC1001BEB32 /* MoviesPresentable.swift */ = {isa = PBXFileReference; lastKnownFileType = sourcecode.swift; path = MoviesPresentable.swift; sourceTree = "<group>"; };
		33A0AE912970BC43001BEB32 /* Actor.swift */ = {isa = PBXFileReference; lastKnownFileType = sourcecode.swift; path = Actor.swift; sourceTree = "<group>"; };
		33A0AE932970BCD1001BEB32 /* DetailMoviesViewProtocol.swift */ = {isa = PBXFileReference; lastKnownFileType = sourcecode.swift; path = DetailMoviesViewProtocol.swift; sourceTree = "<group>"; };
		33A0AE952970BCEE001BEB32 /* DetailMoviesPresenter.swift */ = {isa = PBXFileReference; lastKnownFileType = sourcecode.swift; path = DetailMoviesPresenter.swift; sourceTree = "<group>"; };
		33A0AE972970BCFE001BEB32 /* DetailMoviesable.swift */ = {isa = PBXFileReference; lastKnownFileType = sourcecode.swift; path = DetailMoviesable.swift; sourceTree = "<group>"; };
		33A0AE9B2970BD43001BEB32 /* NetworkService.swift */ = {isa = PBXFileReference; lastKnownFileType = sourcecode.swift; path = NetworkService.swift; sourceTree = "<group>"; };
		33A0AE9D2970BD4C001BEB32 /* NetworkCoreService.swift */ = {isa = PBXFileReference; lastKnownFileType = sourcecode.swift; path = NetworkCoreService.swift; sourceTree = "<group>"; };
		33A0AE9F2970BD68001BEB32 /* NetworkServicable.swift */ = {isa = PBXFileReference; lastKnownFileType = sourcecode.swift; path = NetworkServicable.swift; sourceTree = "<group>"; };
		33A73F70290720F00089B6F2 /* MovieTableViewCell.swift */ = {isa = PBXFileReference; lastKnownFileType = sourcecode.swift; path = MovieTableViewCell.swift; sourceTree = "<group>"; };
		33F12B632970AA7000201D2C /* ActorCollectionViewCell.swift */ = {isa = PBXFileReference; lastKnownFileType = sourcecode.swift; path = ActorCollectionViewCell.swift; sourceTree = "<group>"; };
/* End PBXFileReference section */

/* Begin PBXFrameworksBuildPhase section */
		332670B62906C87C00EE3472 /* Frameworks */ = {
			isa = PBXFrameworksBuildPhase;
			buildActionMask = 2147483647;
			files = (
				33A0AEA32970BE21001BEB32 /* SwiftyJSON in Frameworks */,
				33A0AEA62970BE45001BEB32 /* Alamofire in Frameworks */,
			);
			runOnlyForDeploymentPostprocessing = 0;
		};
/* End PBXFrameworksBuildPhase section */

/* Begin PBXGroup section */
		332670B02906C87C00EE3472 = {
			isa = PBXGroup;
			children = (
				332670BB2906C87C00EE3472 /* MovieMVP */,
				332670BA2906C87C00EE3472 /* Products */,
			);
			sourceTree = "<group>";
		};
		332670BA2906C87C00EE3472 /* Products */ = {
			isa = PBXGroup;
			children = (
				332670B92906C87C00EE3472 /* MovieMVP.app */,
			);
			name = Products;
			sourceTree = "<group>";
		};
		332670BB2906C87C00EE3472 /* MovieMVP */ = {
			isa = PBXGroup;
			children = (
				332670BC2906C87C00EE3472 /* AppDelegate.swift */,
				332670BE2906C87C00EE3472 /* SceneDelegate.swift */,
				33100A2E297164A6004A6B32 /* UIViewController + Extension.swift */,
				33A0AE9A2970BD23001BEB32 /* Builder */,
				33A0AE992970BD0E001BEB32 /* ServiceLayer */,
				33A0AE712970B8A1001BEB32 /* Router */,
				33A0AE782970B8E9001BEB32 /* NetworkAPI */,
				33A0AE7D2970B9D8001BEB32 /* MoviesViewController */,
				33A0AE832970BA26001BEB32 /* DetailMoviesViewController */,
				332670C22906C87C00EE3472 /* Main.storyboard */,
				332670C52906C87E00EE3472 /* Assets.xcassets */,
				332670C72906C87E00EE3472 /* LaunchScreen.storyboard */,
				332670CA2906C87E00EE3472 /* Info.plist */,
			);
			path = MovieMVP;
			sourceTree = "<group>";
		};
		33A0AE712970B8A1001BEB32 /* Router */ = {
			isa = PBXGroup;
			children = (
				33A0AE722970B8B0001BEB32 /* Router.swift */,
				33A0AE742970B8BB001BEB32 /* RouterMainProtocol.swift */,
				33A0AE762970B8C4001BEB32 /* Routerable.swift */,
			);
			path = Router;
			sourceTree = "<group>";
		};
		33A0AE782970B8E9001BEB32 /* NetworkAPI */ = {
			isa = PBXGroup;
			children = (
				33A0AE792970B904001BEB32 /* NetworkAPI.swift */,
				33A0AE7B2970B9C9001BEB32 /* RequestType.swift */,
			);
			path = NetworkAPI;
			sourceTree = "<group>";
		};
		33A0AE7D2970B9D8001BEB32 /* MoviesViewController */ = {
			isa = PBXGroup;
			children = (
				33A0AE802970BA07001BEB32 /* Model */,
				33A0AE812970BA0D001BEB32 /* View */,
				33A0AE822970BA14001BEB32 /* Presenter */,
			);
			path = MoviesViewController;
			sourceTree = "<group>";
		};
		33A0AE802970BA07001BEB32 /* Model */ = {
			isa = PBXGroup;
			children = (
				33A0AE872970BA79001BEB32 /* Movies.swift */,
			);
			path = Model;
			sourceTree = "<group>";
		};
		33A0AE812970BA0D001BEB32 /* View */ = {
			isa = PBXGroup;
			children = (
				33A73F70290720F00089B6F2 /* MovieTableViewCell.swift */,
				33A0AE892970BAA8001BEB32 /* MoviesViewController.swift */,
				33A0AE8B2970BAF7001BEB32 /* MoviesViewProtocol.swift */,
			);
			path = View;
			sourceTree = "<group>";
		};
		33A0AE822970BA14001BEB32 /* Presenter */ = {
			isa = PBXGroup;
			children = (
				33A0AE8D2970BB11001BEB32 /* MoviesPresenter.swift */,
				33A0AE8F2970BBC1001BEB32 /* MoviesPresentable.swift */,
			);
			path = Presenter;
			sourceTree = "<group>";
		};
		33A0AE832970BA26001BEB32 /* DetailMoviesViewController */ = {
			isa = PBXGroup;
			children = (
				33A0AE842970BA3C001BEB32 /* Model */,
				33A0AE852970BA45001BEB32 /* View */,
				33A0AE862970BA49001BEB32 /* Presenter */,
			);
			path = DetailMoviesViewController;
			sourceTree = "<group>";
		};
		33A0AE842970BA3C001BEB32 /* Model */ = {
			isa = PBXGroup;
			children = (
				33A0AE912970BC43001BEB32 /* Actor.swift */,
			);
			path = Model;
			sourceTree = "<group>";
		};
		33A0AE852970BA45001BEB32 /* View */ = {
			isa = PBXGroup;
			children = (
				33874BCD29092D740041BBAC /* DetailMoviesViewController.swift */,
				33F12B632970AA7000201D2C /* ActorCollectionViewCell.swift */,
				33A0AE932970BCD1001BEB32 /* DetailMoviesViewProtocol.swift */,
			);
			path = View;
			sourceTree = "<group>";
		};
		33A0AE862970BA49001BEB32 /* Presenter */ = {
			isa = PBXGroup;
			children = (
				33A0AE952970BCEE001BEB32 /* DetailMoviesPresenter.swift */,
				33A0AE972970BCFE001BEB32 /* DetailMoviesable.swift */,
			);
			path = Presenter;
			sourceTree = "<group>";
		};
		33A0AE992970BD0E001BEB32 /* ServiceLayer */ = {
			isa = PBXGroup;
			children = (
				33A0AE9B2970BD43001BEB32 /* NetworkService.swift */,
				33A0AE9D2970BD4C001BEB32 /* NetworkCoreService.swift */,
				33A0AE9F2970BD68001BEB32 /* NetworkServicable.swift */,
			);
			path = ServiceLayer;
			sourceTree = "<group>";
		};
		33A0AE9A2970BD23001BEB32 /* Builder */ = {
			isa = PBXGroup;
			children = (
				33A0AE6D2970B80D001BEB32 /* ModuleBuilder.swift */,
				33A0AE6F2970B891001BEB32 /* Builderable.swift */,
			);
			path = Builder;
			sourceTree = "<group>";
		};
/* End PBXGroup section */

/* Begin PBXNativeTarget section */
		332670B82906C87C00EE3472 /* MovieMVP */ = {
			isa = PBXNativeTarget;
			buildConfigurationList = 332670CD2906C87E00EE3472 /* Build configuration list for PBXNativeTarget "MovieMVP" */;
			buildPhases = (
				332670B52906C87C00EE3472 /* Sources */,
				332670B62906C87C00EE3472 /* Frameworks */,
				332670B72906C87C00EE3472 /* Resources */,
				332670D12906C8CC00EE3472 /* Swift Formatter */,
				332670D02906C88500EE3472 /* Swift Lint */,
			);
			buildRules = (
			);
			dependencies = (
			);
			name = MovieMVP;
			packageProductDependencies = (
				33A0AEA22970BE21001BEB32 /* SwiftyJSON */,
				33A0AEA52970BE45001BEB32 /* Alamofire */,
			);
			productName = MovieApp;
			productReference = 332670B92906C87C00EE3472 /* MovieMVP.app */;
			productType = "com.apple.product-type.application";
		};
/* End PBXNativeTarget section */

/* Begin PBXProject section */
		332670B12906C87C00EE3472 /* Project object */ = {
			isa = PBXProject;
			attributes = {
				BuildIndependentTargetsInParallel = 1;
				LastSwiftUpdateCheck = 1340;
				LastUpgradeCheck = 1340;
				TargetAttributes = {
					332670B82906C87C00EE3472 = {
						CreatedOnToolsVersion = 13.4.1;
					};
				};
			};
			buildConfigurationList = 332670B42906C87C00EE3472 /* Build configuration list for PBXProject "MovieMVP" */;
			compatibilityVersion = "Xcode 13.0";
			developmentRegion = en;
			hasScannedForEncodings = 0;
			knownRegions = (
				en,
				Base,
			);
			mainGroup = 332670B02906C87C00EE3472;
			packageReferences = (
				33A0AEA12970BE21001BEB32 /* XCRemoteSwiftPackageReference "SwiftyJSON" */,
				33A0AEA42970BE45001BEB32 /* XCRemoteSwiftPackageReference "Alamofire" */,
			);
			productRefGroup = 332670BA2906C87C00EE3472 /* Products */;
			projectDirPath = "";
			projectRoot = "";
			targets = (
				332670B82906C87C00EE3472 /* MovieMVP */,
			);
		};
/* End PBXProject section */

/* Begin PBXResourcesBuildPhase section */
		332670B72906C87C00EE3472 /* Resources */ = {
			isa = PBXResourcesBuildPhase;
			buildActionMask = 2147483647;
			files = (
				332670C92906C87E00EE3472 /* LaunchScreen.storyboard in Resources */,
				332670C62906C87E00EE3472 /* Assets.xcassets in Resources */,
				332670C42906C87C00EE3472 /* Main.storyboard in Resources */,
			);
			runOnlyForDeploymentPostprocessing = 0;
		};
/* End PBXResourcesBuildPhase section */

/* Begin PBXShellScriptBuildPhase section */
		332670D02906C88500EE3472 /* Swift Lint */ = {
			isa = PBXShellScriptBuildPhase;
			buildActionMask = 2147483647;
			files = (
			);
			inputFileListPaths = (
			);
			inputPaths = (
			);
			name = "Swift Lint";
			outputFileListPaths = (
			);
			outputPaths = (
			);
			runOnlyForDeploymentPostprocessing = 0;
			shellPath = /bin/sh;
			shellScript = "if which swiftlint > /dev/null; then\n  swiftlint\nelse\n  echo \"warning: SwiftLint not installed, download from https://github.com/realm/SwiftLint\"\nfi\n";
		};
		332670D12906C8CC00EE3472 /* Swift Formatter */ = {
			isa = PBXShellScriptBuildPhase;
			buildActionMask = 2147483647;
			files = (
			);
			inputFileListPaths = (
			);
			inputPaths = (
			);
			name = "Swift Formatter";
			outputFileListPaths = (
			);
			outputPaths = (
			);
			runOnlyForDeploymentPostprocessing = 0;
			shellPath = /bin/sh;
			shellScript = "if which swiftformat >/dev/null; then\n  swiftformat .\nelse\n  echo \"warning: SwiftFormat not installed, download from https://github.com/nicklockwood/SwiftFormat\"\nfi\n\n";
		};
/* End PBXShellScriptBuildPhase section */

/* Begin PBXSourcesBuildPhase section */
		332670B52906C87C00EE3472 /* Sources */ = {
			isa = PBXSourcesBuildPhase;
			buildActionMask = 2147483647;
			files = (
				33A0AE962970BCEE001BEB32 /* DetailMoviesPresenter.swift in Sources */,
				332670BD2906C87C00EE3472 /* AppDelegate.swift in Sources */,
				33A0AE942970BCD1001BEB32 /* DetailMoviesViewProtocol.swift in Sources */,
				33A0AE772970B8C4001BEB32 /* Routerable.swift in Sources */,
				33A0AE6E2970B80D001BEB32 /* ModuleBuilder.swift in Sources */,
				33F12B642970AA7000201D2C /* ActorCollectionViewCell.swift in Sources */,
				33100A2F297164A6004A6B32 /* UIViewController + Extension.swift in Sources */,
				33A0AE922970BC43001BEB32 /* Actor.swift in Sources */,
				33A73F71290720F00089B6F2 /* MovieTableViewCell.swift in Sources */,
				33A0AE9C2970BD43001BEB32 /* NetworkService.swift in Sources */,
				33A0AE902970BBC1001BEB32 /* MoviesPresentable.swift in Sources */,
				33A0AE7C2970B9C9001BEB32 /* RequestType.swift in Sources */,
				33A0AE8C2970BAF7001BEB32 /* MoviesViewProtocol.swift in Sources */,
				33A0AE752970B8BB001BEB32 /* RouterMainProtocol.swift in Sources */,
				33874BCE29092D740041BBAC /* DetailMoviesViewController.swift in Sources */,
				33A0AE9E2970BD4C001BEB32 /* NetworkCoreService.swift in Sources */,
				33A0AE8E2970BB11001BEB32 /* MoviesPresenter.swift in Sources */,
				33A0AE8A2970BAA8001BEB32 /* MoviesViewController.swift in Sources */,
				332670BF2906C87C00EE3472 /* SceneDelegate.swift in Sources */,
				33A0AE882970BA79001BEB32 /* Movies.swift in Sources */,
				33A0AE702970B891001BEB32 /* Builderable.swift in Sources */,
				33A0AE982970BCFE001BEB32 /* DetailMoviesable.swift in Sources */,
				33A0AE732970B8B0001BEB32 /* Router.swift in Sources */,
				33A0AE7A2970B904001BEB32 /* NetworkAPI.swift in Sources */,
				33A0AEA02970BD68001BEB32 /* NetworkServicable.swift in Sources */,
			);
			runOnlyForDeploymentPostprocessing = 0;
		};
/* End PBXSourcesBuildPhase section */

/* Begin PBXVariantGroup section */
		332670C22906C87C00EE3472 /* Main.storyboard */ = {
			isa = PBXVariantGroup;
			children = (
				332670C32906C87C00EE3472 /* Base */,
			);
			name = Main.storyboard;
			sourceTree = "<group>";
		};
		332670C72906C87E00EE3472 /* LaunchScreen.storyboard */ = {
			isa = PBXVariantGroup;
			children = (
				332670C82906C87E00EE3472 /* Base */,
			);
			name = LaunchScreen.storyboard;
			sourceTree = "<group>";
		};
/* End PBXVariantGroup section */

/* Begin XCBuildConfiguration section */
		332670CB2906C87E00EE3472 /* Debug */ = {
			isa = XCBuildConfiguration;
			buildSettings = {
				ALWAYS_SEARCH_USER_PATHS = NO;
				CLANG_ANALYZER_NONNULL = YES;
				CLANG_ANALYZER_NUMBER_OBJECT_CONVERSION = YES_AGGRESSIVE;
				CLANG_CXX_LANGUAGE_STANDARD = "gnu++17";
				CLANG_ENABLE_MODULES = YES;
				CLANG_ENABLE_OBJC_ARC = YES;
				CLANG_ENABLE_OBJC_WEAK = YES;
				CLANG_WARN_BLOCK_CAPTURE_AUTORELEASING = YES;
				CLANG_WARN_BOOL_CONVERSION = YES;
				CLANG_WARN_COMMA = YES;
				CLANG_WARN_CONSTANT_CONVERSION = YES;
				CLANG_WARN_DEPRECATED_OBJC_IMPLEMENTATIONS = YES;
				CLANG_WARN_DIRECT_OBJC_ISA_USAGE = YES_ERROR;
				CLANG_WARN_DOCUMENTATION_COMMENTS = YES;
				CLANG_WARN_EMPTY_BODY = YES;
				CLANG_WARN_ENUM_CONVERSION = YES;
				CLANG_WARN_INFINITE_RECURSION = YES;
				CLANG_WARN_INT_CONVERSION = YES;
				CLANG_WARN_NON_LITERAL_NULL_CONVERSION = YES;
				CLANG_WARN_OBJC_IMPLICIT_RETAIN_SELF = YES;
				CLANG_WARN_OBJC_LITERAL_CONVERSION = YES;
				CLANG_WARN_OBJC_ROOT_CLASS = YES_ERROR;
				CLANG_WARN_QUOTED_INCLUDE_IN_FRAMEWORK_HEADER = YES;
				CLANG_WARN_RANGE_LOOP_ANALYSIS = YES;
				CLANG_WARN_STRICT_PROTOTYPES = YES;
				CLANG_WARN_SUSPICIOUS_MOVE = YES;
				CLANG_WARN_UNGUARDED_AVAILABILITY = YES_AGGRESSIVE;
				CLANG_WARN_UNREACHABLE_CODE = YES;
				CLANG_WARN__DUPLICATE_METHOD_MATCH = YES;
				COPY_PHASE_STRIP = NO;
				DEBUG_INFORMATION_FORMAT = dwarf;
				ENABLE_STRICT_OBJC_MSGSEND = YES;
				ENABLE_TESTABILITY = YES;
				GCC_C_LANGUAGE_STANDARD = gnu11;
				GCC_DYNAMIC_NO_PIC = NO;
				GCC_NO_COMMON_BLOCKS = YES;
				GCC_OPTIMIZATION_LEVEL = 0;
				GCC_PREPROCESSOR_DEFINITIONS = (
					"DEBUG=1",
					"$(inherited)",
				);
				GCC_WARN_64_TO_32_BIT_CONVERSION = YES;
				GCC_WARN_ABOUT_RETURN_TYPE = YES_ERROR;
				GCC_WARN_UNDECLARED_SELECTOR = YES;
				GCC_WARN_UNINITIALIZED_AUTOS = YES_AGGRESSIVE;
				GCC_WARN_UNUSED_FUNCTION = YES;
				GCC_WARN_UNUSED_VARIABLE = YES;
				IPHONEOS_DEPLOYMENT_TARGET = 15.5;
				MTL_ENABLE_DEBUG_INFO = INCLUDE_SOURCE;
				MTL_FAST_MATH = YES;
				ONLY_ACTIVE_ARCH = YES;
				SDKROOT = iphoneos;
				SWIFT_ACTIVE_COMPILATION_CONDITIONS = DEBUG;
				SWIFT_OPTIMIZATION_LEVEL = "-Onone";
			};
			name = Debug;
		};
		332670CC2906C87E00EE3472 /* Release */ = {
			isa = XCBuildConfiguration;
			buildSettings = {
				ALWAYS_SEARCH_USER_PATHS = NO;
				CLANG_ANALYZER_NONNULL = YES;
				CLANG_ANALYZER_NUMBER_OBJECT_CONVERSION = YES_AGGRESSIVE;
				CLANG_CXX_LANGUAGE_STANDARD = "gnu++17";
				CLANG_ENABLE_MODULES = YES;
				CLANG_ENABLE_OBJC_ARC = YES;
				CLANG_ENABLE_OBJC_WEAK = YES;
				CLANG_WARN_BLOCK_CAPTURE_AUTORELEASING = YES;
				CLANG_WARN_BOOL_CONVERSION = YES;
				CLANG_WARN_COMMA = YES;
				CLANG_WARN_CONSTANT_CONVERSION = YES;
				CLANG_WARN_DEPRECATED_OBJC_IMPLEMENTATIONS = YES;
				CLANG_WARN_DIRECT_OBJC_ISA_USAGE = YES_ERROR;
				CLANG_WARN_DOCUMENTATION_COMMENTS = YES;
				CLANG_WARN_EMPTY_BODY = YES;
				CLANG_WARN_ENUM_CONVERSION = YES;
				CLANG_WARN_INFINITE_RECURSION = YES;
				CLANG_WARN_INT_CONVERSION = YES;
				CLANG_WARN_NON_LITERAL_NULL_CONVERSION = YES;
				CLANG_WARN_OBJC_IMPLICIT_RETAIN_SELF = YES;
				CLANG_WARN_OBJC_LITERAL_CONVERSION = YES;
				CLANG_WARN_OBJC_ROOT_CLASS = YES_ERROR;
				CLANG_WARN_QUOTED_INCLUDE_IN_FRAMEWORK_HEADER = YES;
				CLANG_WARN_RANGE_LOOP_ANALYSIS = YES;
				CLANG_WARN_STRICT_PROTOTYPES = YES;
				CLANG_WARN_SUSPICIOUS_MOVE = YES;
				CLANG_WARN_UNGUARDED_AVAILABILITY = YES_AGGRESSIVE;
				CLANG_WARN_UNREACHABLE_CODE = YES;
				CLANG_WARN__DUPLICATE_METHOD_MATCH = YES;
				COPY_PHASE_STRIP = NO;
				DEBUG_INFORMATION_FORMAT = "dwarf-with-dsym";
				ENABLE_NS_ASSERTIONS = NO;
				ENABLE_STRICT_OBJC_MSGSEND = YES;
				GCC_C_LANGUAGE_STANDARD = gnu11;
				GCC_NO_COMMON_BLOCKS = YES;
				GCC_WARN_64_TO_32_BIT_CONVERSION = YES;
				GCC_WARN_ABOUT_RETURN_TYPE = YES_ERROR;
				GCC_WARN_UNDECLARED_SELECTOR = YES;
				GCC_WARN_UNINITIALIZED_AUTOS = YES_AGGRESSIVE;
				GCC_WARN_UNUSED_FUNCTION = YES;
				GCC_WARN_UNUSED_VARIABLE = YES;
				IPHONEOS_DEPLOYMENT_TARGET = 15.5;
				MTL_ENABLE_DEBUG_INFO = NO;
				MTL_FAST_MATH = YES;
				SDKROOT = iphoneos;
				SWIFT_COMPILATION_MODE = wholemodule;
				SWIFT_OPTIMIZATION_LEVEL = "-O";
				VALIDATE_PRODUCT = YES;
			};
			name = Release;
		};
		332670CE2906C87E00EE3472 /* Debug */ = {
			isa = XCBuildConfiguration;
			buildSettings = {
				ASSETCATALOG_COMPILER_APPICON_NAME = AppIcon;
				ASSETCATALOG_COMPILER_GLOBAL_ACCENT_COLOR_NAME = AccentColor;
				CODE_SIGN_STYLE = Automatic;
				CURRENT_PROJECT_VERSION = 1;
				GENERATE_INFOPLIST_FILE = YES;
				INFOPLIST_FILE = MovieMVP/Info.plist;
				INFOPLIST_KEY_UIApplicationSupportsIndirectInputEvents = YES;
				INFOPLIST_KEY_UILaunchStoryboardName = LaunchScreen;
				INFOPLIST_KEY_UIMainStoryboardFile = Main;
				INFOPLIST_KEY_UISupportedInterfaceOrientations_iPad = "UIInterfaceOrientationPortrait UIInterfaceOrientationPortraitUpsideDown UIInterfaceOrientationLandscapeLeft UIInterfaceOrientationLandscapeRight";
				INFOPLIST_KEY_UISupportedInterfaceOrientations_iPhone = "UIInterfaceOrientationPortrait UIInterfaceOrientationLandscapeLeft UIInterfaceOrientationLandscapeRight";
				LD_RUNPATH_SEARCH_PATHS = (
					"$(inherited)",
					"@executable_path/Frameworks",
				);
				MARKETING_VERSION = 1.0;
				PRODUCT_BUNDLE_IDENTIFIER = "-.MovieMVP";
				PRODUCT_NAME = "$(TARGET_NAME)";
				SWIFT_EMIT_LOC_STRINGS = YES;
				SWIFT_VERSION = 5.0;
				TARGETED_DEVICE_FAMILY = "1,2";
			};
			name = Debug;
		};
		332670CF2906C87E00EE3472 /* Release */ = {
			isa = XCBuildConfiguration;
			buildSettings = {
				ASSETCATALOG_COMPILER_APPICON_NAME = AppIcon;
				ASSETCATALOG_COMPILER_GLOBAL_ACCENT_COLOR_NAME = AccentColor;
				CODE_SIGN_STYLE = Automatic;
				CURRENT_PROJECT_VERSION = 1;
				GENERATE_INFOPLIST_FILE = YES;
				INFOPLIST_FILE = MovieMVP/Info.plist;
				INFOPLIST_KEY_UIApplicationSupportsIndirectInputEvents = YES;
				INFOPLIST_KEY_UILaunchStoryboardName = LaunchScreen;
				INFOPLIST_KEY_UIMainStoryboardFile = Main;
				INFOPLIST_KEY_UISupportedInterfaceOrientations_iPad = "UIInterfaceOrientationPortrait UIInterfaceOrientationPortraitUpsideDown UIInterfaceOrientationLandscapeLeft UIInterfaceOrientationLandscapeRight";
				INFOPLIST_KEY_UISupportedInterfaceOrientations_iPhone = "UIInterfaceOrientationPortrait UIInterfaceOrientationLandscapeLeft UIInterfaceOrientationLandscapeRight";
				LD_RUNPATH_SEARCH_PATHS = (
					"$(inherited)",
					"@executable_path/Frameworks",
				);
				MARKETING_VERSION = 1.0;
				PRODUCT_BUNDLE_IDENTIFIER = "-.MovieMVP";
				PRODUCT_NAME = "$(TARGET_NAME)";
				SWIFT_EMIT_LOC_STRINGS = YES;
				SWIFT_VERSION = 5.0;
				TARGETED_DEVICE_FAMILY = "1,2";
			};
			name = Release;
		};
/* End XCBuildConfiguration section */

/* Begin XCConfigurationList section */
		332670B42906C87C00EE3472 /* Build configuration list for PBXProject "MovieMVP" */ = {
			isa = XCConfigurationList;
			buildConfigurations = (
				332670CB2906C87E00EE3472 /* Debug */,
				332670CC2906C87E00EE3472 /* Release */,
			);
			defaultConfigurationIsVisible = 0;
			defaultConfigurationName = Release;
		};
		332670CD2906C87E00EE3472 /* Build configuration list for PBXNativeTarget "MovieMVP" */ = {
			isa = XCConfigurationList;
			buildConfigurations = (
				332670CE2906C87E00EE3472 /* Debug */,
				332670CF2906C87E00EE3472 /* Release */,
			);
			defaultConfigurationIsVisible = 0;
			defaultConfigurationName = Release;
		};
/* End XCConfigurationList section */

/* Begin XCRemoteSwiftPackageReference section */
		33A0AEA12970BE21001BEB32 /* XCRemoteSwiftPackageReference "SwiftyJSON" */ = {
			isa = XCRemoteSwiftPackageReference;
			repositoryURL = "https://github.com/SwiftyJSON/SwiftyJSON";
			requirement = {
				branch = master;
				kind = branch;
			};
		};
		33A0AEA42970BE45001BEB32 /* XCRemoteSwiftPackageReference "Alamofire" */ = {
			isa = XCRemoteSwiftPackageReference;
			repositoryURL = "https://github.com/Alamofire/Alamofire";
			requirement = {
				branch = master;
				kind = branch;
			};
		};
/* End XCRemoteSwiftPackageReference section */

/* Begin XCSwiftPackageProductDependency section */
		33A0AEA22970BE21001BEB32 /* SwiftyJSON */ = {
			isa = XCSwiftPackageProductDependency;
			package = 33A0AEA12970BE21001BEB32 /* XCRemoteSwiftPackageReference "SwiftyJSON" */;
			productName = SwiftyJSON;
		};
		33A0AEA52970BE45001BEB32 /* Alamofire */ = {
			isa = XCSwiftPackageProductDependency;
			package = 33A0AEA42970BE45001BEB32 /* XCRemoteSwiftPackageReference "Alamofire" */;
			productName = Alamofire;
		};
/* End XCSwiftPackageProductDependency section */
	};
	rootObject = 332670B12906C87C00EE3472 /* Project object */;
}
