// !$*UTF8*$!
{
	archiveVersion = 1;
	classes = {
	};
	objectVersion = 55;
	objects = {

/* Begin PBXBuildFile section */
		33100A2F297164A6004A6B32 /* UIViewController + Extension.swift in Sources */ = {isa = PBXBuildFile; fileRef = 33100A2E297164A6004A6B32 /* UIViewController + Extension.swift */; };
		33100A44297328EA004A6B32 /* RealmService.swift in Sources */ = {isa = PBXBuildFile; fileRef = 33100A43297328EA004A6B32 /* RealmService.swift */; };
		33100A46297328F2004A6B32 /* RealmServicable.swift in Sources */ = {isa = PBXBuildFile; fileRef = 33100A45297328F2004A6B32 /* RealmServicable.swift */; };
		33100A4929732928004A6B32 /* KeychainService.swift in Sources */ = {isa = PBXBuildFile; fileRef = 33100A4829732928004A6B32 /* KeychainService.swift */; };
		33100A4B29732933004A6B32 /* KeychainServicable.swift in Sources */ = {isa = PBXBuildFile; fileRef = 33100A4A29732933004A6B32 /* KeychainServicable.swift */; };
		33100A4E2973295A004A6B32 /* Realm in Frameworks */ = {isa = PBXBuildFile; productRef = 33100A4D2973295A004A6B32 /* Realm */; };
		33100A502973295A004A6B32 /* RealmSwift in Frameworks */ = {isa = PBXBuildFile; productRef = 33100A4F2973295A004A6B32 /* RealmSwift */; };
		33100A5329732971004A6B32 /* KeychainSwift in Frameworks */ = {isa = PBXBuildFile; productRef = 33100A5229732971004A6B32 /* KeychainSwift */; };
		33100A55297357AC004A6B32 /* ImageService.swift in Sources */ = {isa = PBXBuildFile; fileRef = 33100A54297357AC004A6B32 /* ImageService.swift */; };
		33100A58297357CC004A6B32 /* ImageServicable.swift in Sources */ = {isa = PBXBuildFile; fileRef = 33100A57297357CC004A6B32 /* ImageServicable.swift */; };
		33100A702974972A004A6B32 /* MovieMVPTests.swift in Sources */ = {isa = PBXBuildFile; fileRef = 33100A6F2974972A004A6B32 /* MovieMVPTests.swift */; };
		33100A7D2974973A004A6B32 /* MovieMVPUITests.swift in Sources */ = {isa = PBXBuildFile; fileRef = 33100A7C2974973A004A6B32 /* MovieMVPUITests.swift */; };
		33100A7F2974973B004A6B32 /* MovieMVPUITestsLaunchTests.swift in Sources */ = {isa = PBXBuildFile; fileRef = 33100A7E2974973B004A6B32 /* MovieMVPUITestsLaunchTests.swift */; };
		33100A8529749749004A6B32 /* MockNetworkService.swift in Sources */ = {isa = PBXBuildFile; fileRef = 33100A672974942D004A6B32 /* MockNetworkService.swift */; };
		33100A87297498FD004A6B32 /* MockMoviesView.swift in Sources */ = {isa = PBXBuildFile; fileRef = 33100A86297498FD004A6B32 /* MockMoviesView.swift */; };
		332670BD2906C87C00EE3472 /* AppDelegate.swift in Sources */ = {isa = PBXBuildFile; fileRef = 332670BC2906C87C00EE3472 /* AppDelegate.swift */; };
		332670BF2906C87C00EE3472 /* SceneDelegate.swift in Sources */ = {isa = PBXBuildFile; fileRef = 332670BE2906C87C00EE3472 /* SceneDelegate.swift */; };
		332670C42906C87C00EE3472 /* Main.storyboard in Resources */ = {isa = PBXBuildFile; fileRef = 332670C22906C87C00EE3472 /* Main.storyboard */; };
		332670C62906C87E00EE3472 /* Assets.xcassets in Resources */ = {isa = PBXBuildFile; fileRef = 332670C52906C87E00EE3472 /* Assets.xcassets */; };
		332670C92906C87E00EE3472 /* LaunchScreen.storyboard in Resources */ = {isa = PBXBuildFile; fileRef = 332670C72906C87E00EE3472 /* LaunchScreen.storyboard */; };
		33874BCE29092D740041BBAC /* DetailMoviesViewController.swift in Sources */ = {isa = PBXBuildFile; fileRef = 33874BCD29092D740041BBAC /* DetailMoviesViewController.swift */; };
		33A0AE6E2970B80D001BEB32 /* ModuleBuilder.swift in Sources */ = {isa = PBXBuildFile; fileRef = 33A0AE6D2970B80D001BEB32 /* ModuleBuilder.swift */; };
		33A0AE702970B891001BEB32 /* Builderable.swift in Sources */ = {isa = PBXBuildFile; fileRef = 33A0AE6F2970B891001BEB32 /* Builderable.swift */; };
		33A0AE732970B8B0001BEB32 /* Router.swift in Sources */ = {isa = PBXBuildFile; fileRef = 33A0AE722970B8B0001BEB32 /* Router.swift */; };
		33A0AE752970B8BB001BEB32 /* RouterMainProtocol.swift in Sources */ = {isa = PBXBuildFile; fileRef = 33A0AE742970B8BB001BEB32 /* RouterMainProtocol.swift */; };
		33A0AE772970B8C4001BEB32 /* Routerable.swift in Sources */ = {isa = PBXBuildFile; fileRef = 33A0AE762970B8C4001BEB32 /* Routerable.swift */; };
		33A0AE7A2970B904001BEB32 /* NetworkAPI.swift in Sources */ = {isa = PBXBuildFile; fileRef = 33A0AE792970B904001BEB32 /* NetworkAPI.swift */; };
		33A0AE7C2970B9C9001BEB32 /* RequestType.swift in Sources */ = {isa = PBXBuildFile; fileRef = 33A0AE7B2970B9C9001BEB32 /* RequestType.swift */; };
		33A0AE882970BA79001BEB32 /* Movies.swift in Sources */ = {isa = PBXBuildFile; fileRef = 33A0AE872970BA79001BEB32 /* Movies.swift */; };
		33A0AE8A2970BAA8001BEB32 /* MoviesViewController.swift in Sources */ = {isa = PBXBuildFile; fileRef = 33A0AE892970BAA8001BEB32 /* MoviesViewController.swift */; };
		33A0AE8C2970BAF7001BEB32 /* MoviesViewProtocol.swift in Sources */ = {isa = PBXBuildFile; fileRef = 33A0AE8B2970BAF7001BEB32 /* MoviesViewProtocol.swift */; };
		33A0AE8E2970BB11001BEB32 /* MoviesPresenter.swift in Sources */ = {isa = PBXBuildFile; fileRef = 33A0AE8D2970BB11001BEB32 /* MoviesPresenter.swift */; };
		33A0AE902970BBC1001BEB32 /* MoviesPresentable.swift in Sources */ = {isa = PBXBuildFile; fileRef = 33A0AE8F2970BBC1001BEB32 /* MoviesPresentable.swift */; };
		33A0AE922970BC43001BEB32 /* Actor.swift in Sources */ = {isa = PBXBuildFile; fileRef = 33A0AE912970BC43001BEB32 /* Actor.swift */; };
		33A0AE942970BCD1001BEB32 /* DetailMoviesViewProtocol.swift in Sources */ = {isa = PBXBuildFile; fileRef = 33A0AE932970BCD1001BEB32 /* DetailMoviesViewProtocol.swift */; };
		33A0AE962970BCEE001BEB32 /* DetailMoviesPresenter.swift in Sources */ = {isa = PBXBuildFile; fileRef = 33A0AE952970BCEE001BEB32 /* DetailMoviesPresenter.swift */; };
		33A0AE982970BCFE001BEB32 /* DetailMoviesable.swift in Sources */ = {isa = PBXBuildFile; fileRef = 33A0AE972970BCFE001BEB32 /* DetailMoviesable.swift */; };
		33A0AE9C2970BD43001BEB32 /* NetworkService.swift in Sources */ = {isa = PBXBuildFile; fileRef = 33A0AE9B2970BD43001BEB32 /* NetworkService.swift */; };
		33A0AE9E2970BD4C001BEB32 /* NetworkCoreService.swift in Sources */ = {isa = PBXBuildFile; fileRef = 33A0AE9D2970BD4C001BEB32 /* NetworkCoreService.swift */; };
		33A0AEA02970BD68001BEB32 /* NetworkServicable.swift in Sources */ = {isa = PBXBuildFile; fileRef = 33A0AE9F2970BD68001BEB32 /* NetworkServicable.swift */; };
		33A0AEA32970BE21001BEB32 /* SwiftyJSON in Frameworks */ = {isa = PBXBuildFile; productRef = 33A0AEA22970BE21001BEB32 /* SwiftyJSON */; };
		33A0AEA62970BE45001BEB32 /* Alamofire in Frameworks */ = {isa = PBXBuildFile; productRef = 33A0AEA52970BE45001BEB32 /* Alamofire */; };
		33A73F71290720F00089B6F2 /* MovieTableViewCell.swift in Sources */ = {isa = PBXBuildFile; fileRef = 33A73F70290720F00089B6F2 /* MovieTableViewCell.swift */; };
		33AC975E2974AFBF0079CE3C /* MockModuleBuilder.swift in Sources */ = {isa = PBXBuildFile; fileRef = 33AC975D2974AFBF0079CE3C /* MockModuleBuilder.swift */; };
		33AC97602974B0830079CE3C /* ModuleBuilderTest.swift in Sources */ = {isa = PBXBuildFile; fileRef = 33AC975F2974B0830079CE3C /* ModuleBuilderTest.swift */; };
		33AC97622974B2AB0079CE3C /* MockRouter.swift in Sources */ = {isa = PBXBuildFile; fileRef = 33AC97612974B2AB0079CE3C /* MockRouter.swift */; };
		33AC97642974B41F0079CE3C /* MockDetailMoviesView.swift in Sources */ = {isa = PBXBuildFile; fileRef = 33AC97632974B41F0079CE3C /* MockDetailMoviesView.swift */; };
		33AC97662974B4A50079CE3C /* MockDetailMovies.swift in Sources */ = {isa = PBXBuildFile; fileRef = 33AC97652974B4A50079CE3C /* MockDetailMovies.swift */; };
		33AC976A2974CE0D0079CE3C /* MockRealmService.swift in Sources */ = {isa = PBXBuildFile; fileRef = 33AC97692974CE0D0079CE3C /* MockRealmService.swift */; };
		33F12B642970AA7000201D2C /* ActorCollectionViewCell.swift in Sources */ = {isa = PBXBuildFile; fileRef = 33F12B632970AA7000201D2C /* ActorCollectionViewCell.swift */; };
		33F2F35A2974A299006982A0 /* SwiftyJSON in Frameworks */ = {isa = PBXBuildFile; productRef = 33F2F3592974A299006982A0 /* SwiftyJSON */; };
		33F2F35C2974A299006982A0 /* Alamofire in Frameworks */ = {isa = PBXBuildFile; productRef = 33F2F35B2974A299006982A0 /* Alamofire */; };
		33F2F35E2974A299006982A0 /* Realm in Frameworks */ = {isa = PBXBuildFile; productRef = 33F2F35D2974A299006982A0 /* Realm */; };
		33F2F3602974A299006982A0 /* RealmSwift in Frameworks */ = {isa = PBXBuildFile; productRef = 33F2F35F2974A299006982A0 /* RealmSwift */; };
		33F2F3622974A299006982A0 /* KeychainSwift in Frameworks */ = {isa = PBXBuildFile; productRef = 33F2F3612974A299006982A0 /* KeychainSwift */; };
		33F2F3652974A683006982A0 /* MockMovie.json in Resources */ = {isa = PBXBuildFile; fileRef = 33F2F3632974A682006982A0 /* MockMovie.json */; };
		33F2F3662974A683006982A0 /* MockMovieInfo.json in Resources */ = {isa = PBXBuildFile; fileRef = 33F2F3642974A683006982A0 /* MockMovieInfo.json */; };
/* End PBXBuildFile section */

/* Begin PBXContainerItemProxy section */
		33100A712974972A004A6B32 /* PBXContainerItemProxy */ = {
			isa = PBXContainerItemProxy;
			containerPortal = 332670B12906C87C00EE3472 /* Project object */;
			proxyType = 1;
			remoteGlobalIDString = 332670B82906C87C00EE3472;
			remoteInfo = MovieMVP;
		};
		33100A802974973B004A6B32 /* PBXContainerItemProxy */ = {
			isa = PBXContainerItemProxy;
			containerPortal = 332670B12906C87C00EE3472 /* Project object */;
			proxyType = 1;
			remoteGlobalIDString = 332670B82906C87C00EE3472;
			remoteInfo = MovieMVP;
		};
/* End PBXContainerItemProxy section */

/* Begin PBXFileReference section */
		33100A2E297164A6004A6B32 /* UIViewController + Extension.swift */ = {isa = PBXFileReference; lastKnownFileType = sourcecode.swift; path = "UIViewController + Extension.swift"; sourceTree = "<group>"; };
		33100A43297328EA004A6B32 /* RealmService.swift */ = {isa = PBXFileReference; lastKnownFileType = sourcecode.swift; path = RealmService.swift; sourceTree = "<group>"; };
		33100A45297328F2004A6B32 /* RealmServicable.swift */ = {isa = PBXFileReference; lastKnownFileType = sourcecode.swift; path = RealmServicable.swift; sourceTree = "<group>"; };
		33100A4829732928004A6B32 /* KeychainService.swift */ = {isa = PBXFileReference; lastKnownFileType = sourcecode.swift; path = KeychainService.swift; sourceTree = "<group>"; };
		33100A4A29732933004A6B32 /* KeychainServicable.swift */ = {isa = PBXFileReference; lastKnownFileType = sourcecode.swift; path = KeychainServicable.swift; sourceTree = "<group>"; };
		33100A54297357AC004A6B32 /* ImageService.swift */ = {isa = PBXFileReference; lastKnownFileType = sourcecode.swift; path = ImageService.swift; sourceTree = "<group>"; };
		33100A57297357CC004A6B32 /* ImageServicable.swift */ = {isa = PBXFileReference; lastKnownFileType = sourcecode.swift; path = ImageServicable.swift; sourceTree = "<group>"; };
		33100A672974942D004A6B32 /* MockNetworkService.swift */ = {isa = PBXFileReference; lastKnownFileType = sourcecode.swift; path = MockNetworkService.swift; sourceTree = "<group>"; };
		33100A6D29749729004A6B32 /* MovieMVPTests.xctest */ = {isa = PBXFileReference; explicitFileType = wrapper.cfbundle; includeInIndex = 0; path = MovieMVPTests.xctest; sourceTree = BUILT_PRODUCTS_DIR; };
		33100A6F2974972A004A6B32 /* MovieMVPTests.swift */ = {isa = PBXFileReference; lastKnownFileType = sourcecode.swift; path = MovieMVPTests.swift; sourceTree = "<group>"; };
		33100A7A2974973A004A6B32 /* MovieMVPUITests.xctest */ = {isa = PBXFileReference; explicitFileType = wrapper.cfbundle; includeInIndex = 0; path = MovieMVPUITests.xctest; sourceTree = BUILT_PRODUCTS_DIR; };
		33100A7C2974973A004A6B32 /* MovieMVPUITests.swift */ = {isa = PBXFileReference; lastKnownFileType = sourcecode.swift; path = MovieMVPUITests.swift; sourceTree = "<group>"; };
		33100A7E2974973B004A6B32 /* MovieMVPUITestsLaunchTests.swift */ = {isa = PBXFileReference; lastKnownFileType = sourcecode.swift; path = MovieMVPUITestsLaunchTests.swift; sourceTree = "<group>"; };
		33100A86297498FD004A6B32 /* MockMoviesView.swift */ = {isa = PBXFileReference; lastKnownFileType = sourcecode.swift; path = MockMoviesView.swift; sourceTree = "<group>"; };
		332670B92906C87C00EE3472 /* MovieMVP.app */ = {isa = PBXFileReference; explicitFileType = wrapper.application; includeInIndex = 0; path = MovieMVP.app; sourceTree = BUILT_PRODUCTS_DIR; };
		332670BC2906C87C00EE3472 /* AppDelegate.swift */ = {isa = PBXFileReference; lastKnownFileType = sourcecode.swift; path = AppDelegate.swift; sourceTree = "<group>"; };
		332670BE2906C87C00EE3472 /* SceneDelegate.swift */ = {isa = PBXFileReference; lastKnownFileType = sourcecode.swift; path = SceneDelegate.swift; sourceTree = "<group>"; };
		332670C32906C87C00EE3472 /* Base */ = {isa = PBXFileReference; lastKnownFileType = file.storyboard; name = Base; path = Base.lproj/Main.storyboard; sourceTree = "<group>"; };
		332670C52906C87E00EE3472 /* Assets.xcassets */ = {isa = PBXFileReference; lastKnownFileType = folder.assetcatalog; path = Assets.xcassets; sourceTree = "<group>"; };
		332670C82906C87E00EE3472 /* Base */ = {isa = PBXFileReference; lastKnownFileType = file.storyboard; name = Base; path = Base.lproj/LaunchScreen.storyboard; sourceTree = "<group>"; };
		332670CA2906C87E00EE3472 /* Info.plist */ = {isa = PBXFileReference; lastKnownFileType = text.plist.xml; path = Info.plist; sourceTree = "<group>"; };
		33874BCD29092D740041BBAC /* DetailMoviesViewController.swift */ = {isa = PBXFileReference; lastKnownFileType = sourcecode.swift; path = DetailMoviesViewController.swift; sourceTree = "<group>"; };
		33A0AE6D2970B80D001BEB32 /* ModuleBuilder.swift */ = {isa = PBXFileReference; lastKnownFileType = sourcecode.swift; path = ModuleBuilder.swift; sourceTree = "<group>"; };
		33A0AE6F2970B891001BEB32 /* Builderable.swift */ = {isa = PBXFileReference; lastKnownFileType = sourcecode.swift; path = Builderable.swift; sourceTree = "<group>"; };
		33A0AE722970B8B0001BEB32 /* Router.swift */ = {isa = PBXFileReference; lastKnownFileType = sourcecode.swift; path = Router.swift; sourceTree = "<group>"; };
		33A0AE742970B8BB001BEB32 /* RouterMainProtocol.swift */ = {isa = PBXFileReference; lastKnownFileType = sourcecode.swift; path = RouterMainProtocol.swift; sourceTree = "<group>"; };
		33A0AE762970B8C4001BEB32 /* Routerable.swift */ = {isa = PBXFileReference; lastKnownFileType = sourcecode.swift; path = Routerable.swift; sourceTree = "<group>"; };
		33A0AE792970B904001BEB32 /* NetworkAPI.swift */ = {isa = PBXFileReference; lastKnownFileType = sourcecode.swift; path = NetworkAPI.swift; sourceTree = "<group>"; };
		33A0AE7B2970B9C9001BEB32 /* RequestType.swift */ = {isa = PBXFileReference; lastKnownFileType = sourcecode.swift; path = RequestType.swift; sourceTree = "<group>"; };
		33A0AE872970BA79001BEB32 /* Movies.swift */ = {isa = PBXFileReference; lastKnownFileType = sourcecode.swift; path = Movies.swift; sourceTree = "<group>"; };
		33A0AE892970BAA8001BEB32 /* MoviesViewController.swift */ = {isa = PBXFileReference; lastKnownFileType = sourcecode.swift; path = MoviesViewController.swift; sourceTree = "<group>"; };
		33A0AE8B2970BAF7001BEB32 /* MoviesViewProtocol.swift */ = {isa = PBXFileReference; lastKnownFileType = sourcecode.swift; path = MoviesViewProtocol.swift; sourceTree = "<group>"; };
		33A0AE8D2970BB11001BEB32 /* MoviesPresenter.swift */ = {isa = PBXFileReference; lastKnownFileType = sourcecode.swift; path = MoviesPresenter.swift; sourceTree = "<group>"; };
		33A0AE8F2970BBC1001BEB32 /* MoviesPresentable.swift */ = {isa = PBXFileReference; lastKnownFileType = sourcecode.swift; path = MoviesPresentable.swift; sourceTree = "<group>"; };
		33A0AE912970BC43001BEB32 /* Actor.swift */ = {isa = PBXFileReference; lastKnownFileType = sourcecode.swift; path = Actor.swift; sourceTree = "<group>"; };
		33A0AE932970BCD1001BEB32 /* DetailMoviesViewProtocol.swift */ = {isa = PBXFileReference; lastKnownFileType = sourcecode.swift; path = DetailMoviesViewProtocol.swift; sourceTree = "<group>"; };
		33A0AE952970BCEE001BEB32 /* DetailMoviesPresenter.swift */ = {isa = PBXFileReference; lastKnownFileType = sourcecode.swift; path = DetailMoviesPresenter.swift; sourceTree = "<group>"; };
		33A0AE972970BCFE001BEB32 /* DetailMoviesable.swift */ = {isa = PBXFileReference; lastKnownFileType = sourcecode.swift; path = DetailMoviesable.swift; sourceTree = "<group>"; };
		33A0AE9B2970BD43001BEB32 /* NetworkService.swift */ = {isa = PBXFileReference; lastKnownFileType = sourcecode.swift; path = NetworkService.swift; sourceTree = "<group>"; };
		33A0AE9D2970BD4C001BEB32 /* NetworkCoreService.swift */ = {isa = PBXFileReference; lastKnownFileType = sourcecode.swift; path = NetworkCoreService.swift; sourceTree = "<group>"; };
		33A0AE9F2970BD68001BEB32 /* NetworkServicable.swift */ = {isa = PBXFileReference; lastKnownFileType = sourcecode.swift; path = NetworkServicable.swift; sourceTree = "<group>"; };
		33A73F70290720F00089B6F2 /* MovieTableViewCell.swift */ = {isa = PBXFileReference; lastKnownFileType = sourcecode.swift; path = MovieTableViewCell.swift; sourceTree = "<group>"; };
		33AC975D2974AFBF0079CE3C /* MockModuleBuilder.swift */ = {isa = PBXFileReference; lastKnownFileType = sourcecode.swift; path = MockModuleBuilder.swift; sourceTree = "<group>"; };
		33AC975F2974B0830079CE3C /* ModuleBuilderTest.swift */ = {isa = PBXFileReference; lastKnownFileType = sourcecode.swift; path = ModuleBuilderTest.swift; sourceTree = "<group>"; };
		33AC97612974B2AB0079CE3C /* MockRouter.swift */ = {isa = PBXFileReference; lastKnownFileType = sourcecode.swift; path = MockRouter.swift; sourceTree = "<group>"; };
		33AC97632974B41F0079CE3C /* MockDetailMoviesView.swift */ = {isa = PBXFileReference; lastKnownFileType = sourcecode.swift; path = MockDetailMoviesView.swift; sourceTree = "<group>"; };
		33AC97652974B4A50079CE3C /* MockDetailMovies.swift */ = {isa = PBXFileReference; lastKnownFileType = sourcecode.swift; path = MockDetailMovies.swift; sourceTree = "<group>"; };
		33AC97692974CE0D0079CE3C /* MockRealmService.swift */ = {isa = PBXFileReference; lastKnownFileType = sourcecode.swift; path = MockRealmService.swift; sourceTree = "<group>"; };
		33F12B632970AA7000201D2C /* ActorCollectionViewCell.swift */ = {isa = PBXFileReference; lastKnownFileType = sourcecode.swift; path = ActorCollectionViewCell.swift; sourceTree = "<group>"; };
		33F2F3632974A682006982A0 /* MockMovie.json */ = {isa = PBXFileReference; fileEncoding = 4; lastKnownFileType = text.json; path = MockMovie.json; sourceTree = "<group>"; };
		33F2F3642974A683006982A0 /* MockMovieInfo.json */ = {isa = PBXFileReference; fileEncoding = 4; lastKnownFileType = text.json; path = MockMovieInfo.json; sourceTree = "<group>"; };
		33F2F3692974A984006982A0 /* MockActors.json */ = {isa = PBXFileReference; lastKnownFileType = text.json; path = MockActors.json; sourceTree = "<group>"; };
/* End PBXFileReference section */

/* Begin PBXFrameworksBuildPhase section */
		33100A6A29749729004A6B32 /* Frameworks */ = {
			isa = PBXFrameworksBuildPhase;
			buildActionMask = 2147483647;
			files = (
				33F2F3602974A299006982A0 /* RealmSwift in Frameworks */,
				33F2F35E2974A299006982A0 /* Realm in Frameworks */,
				33F2F3622974A299006982A0 /* KeychainSwift in Frameworks */,
				33F2F35A2974A299006982A0 /* SwiftyJSON in Frameworks */,
				33F2F35C2974A299006982A0 /* Alamofire in Frameworks */,
			);
			runOnlyForDeploymentPostprocessing = 0;
		};
		33100A772974973A004A6B32 /* Frameworks */ = {
			isa = PBXFrameworksBuildPhase;
			buildActionMask = 2147483647;
			files = (
			);
			runOnlyForDeploymentPostprocessing = 0;
		};
		332670B62906C87C00EE3472 /* Frameworks */ = {
			isa = PBXFrameworksBuildPhase;
			buildActionMask = 2147483647;
			files = (
				33100A502973295A004A6B32 /* RealmSwift in Frameworks */,
				33100A4E2973295A004A6B32 /* Realm in Frameworks */,
				33100A5329732971004A6B32 /* KeychainSwift in Frameworks */,
				33A0AEA32970BE21001BEB32 /* SwiftyJSON in Frameworks */,
				33A0AEA62970BE45001BEB32 /* Alamofire in Frameworks */,
			);
			runOnlyForDeploymentPostprocessing = 0;
		};
/* End PBXFrameworksBuildPhase section */

/* Begin PBXGroup section */
		33100A42297328CE004A6B32 /* RealmService */ = {
			isa = PBXGroup;
			children = (
				33100A43297328EA004A6B32 /* RealmService.swift */,
				33100A45297328F2004A6B32 /* RealmServicable.swift */,
			);
			path = RealmService;
			sourceTree = "<group>";
		};
		33100A47297328F7004A6B32 /* KeychainService */ = {
			isa = PBXGroup;
			children = (
				33100A4829732928004A6B32 /* KeychainService.swift */,
				33100A4A29732933004A6B32 /* KeychainServicable.swift */,
			);
			path = KeychainService;
			sourceTree = "<group>";
		};
		33100A56297357B7004A6B32 /* ImageService */ = {
			isa = PBXGroup;
			children = (
				33100A54297357AC004A6B32 /* ImageService.swift */,
				33100A57297357CC004A6B32 /* ImageServicable.swift */,
			);
			path = ImageService;
			sourceTree = "<group>";
		};
		33100A6E2974972A004A6B32 /* MovieMVPTests */ = {
			isa = PBXGroup;
			children = (
				33AC975D2974AFBF0079CE3C /* MockModuleBuilder.swift */,
				33AC975F2974B0830079CE3C /* ModuleBuilderTest.swift */,
				33100A86297498FD004A6B32 /* MockMoviesView.swift */,
				33100A672974942D004A6B32 /* MockNetworkService.swift */,
				33100A6F2974972A004A6B32 /* MovieMVPTests.swift */,
				33AC97692974CE0D0079CE3C /* MockRealmService.swift */,
				33AC97612974B2AB0079CE3C /* MockRouter.swift */,
				33AC97632974B41F0079CE3C /* MockDetailMoviesView.swift */,
				33AC97652974B4A50079CE3C /* MockDetailMovies.swift */,
			);
			path = MovieMVPTests;
			sourceTree = "<group>";
		};
		33100A7B2974973A004A6B32 /* MovieMVPUITests */ = {
			isa = PBXGroup;
			children = (
				33100A7C2974973A004A6B32 /* MovieMVPUITests.swift */,
				33100A7E2974973B004A6B32 /* MovieMVPUITestsLaunchTests.swift */,
			);
			path = MovieMVPUITests;
			sourceTree = "<group>";
		};
		332670B02906C87C00EE3472 = {
			isa = PBXGroup;
			children = (
				332670BB2906C87C00EE3472 /* MovieMVP */,
				33100A6E2974972A004A6B32 /* MovieMVPTests */,
				33100A7B2974973A004A6B32 /* MovieMVPUITests */,
				332670BA2906C87C00EE3472 /* Products */,
				33F2F3582974A299006982A0 /* Frameworks */,
			);
			sourceTree = "<group>";
		};
		332670BA2906C87C00EE3472 /* Products */ = {
			isa = PBXGroup;
			children = (
				332670B92906C87C00EE3472 /* MovieMVP.app */,
				33100A6D29749729004A6B32 /* MovieMVPTests.xctest */,
				33100A7A2974973A004A6B32 /* MovieMVPUITests.xctest */,
			);
			name = Products;
			sourceTree = "<group>";
		};
		332670BB2906C87C00EE3472 /* MovieMVP */ = {
			isa = PBXGroup;
			children = (
				332670BC2906C87C00EE3472 /* AppDelegate.swift */,
				332670BE2906C87C00EE3472 /* SceneDelegate.swift */,
				33100A2E297164A6004A6B32 /* UIViewController + Extension.swift */,
				33100A56297357B7004A6B32 /* ImageService */,
				33100A47297328F7004A6B32 /* KeychainService */,
				33100A42297328CE004A6B32 /* RealmService */,
				33A0AE992970BD0E001BEB32 /* ServiceLayer */,
				33A0AE9A2970BD23001BEB32 /* Builder */,
				33A0AE712970B8A1001BEB32 /* Router */,
				33A0AE782970B8E9001BEB32 /* NetworkAPI */,
				33A0AE7D2970B9D8001BEB32 /* MoviesViewController */,
				33A0AE832970BA26001BEB32 /* DetailMoviesViewController */,
				332670C22906C87C00EE3472 /* Main.storyboard */,
				332670C52906C87E00EE3472 /* Assets.xcassets */,
				332670C72906C87E00EE3472 /* LaunchScreen.storyboard */,
				332670CA2906C87E00EE3472 /* Info.plist */,
				33F2F3632974A682006982A0 /* MockMovie.json */,
				33F2F3692974A984006982A0 /* MockActors.json */,
				33F2F3642974A683006982A0 /* MockMovieInfo.json */,
			);
			path = MovieMVP;
			sourceTree = "<group>";
		};
		33A0AE712970B8A1001BEB32 /* Router */ = {
			isa = PBXGroup;
			children = (
				33A0AE722970B8B0001BEB32 /* Router.swift */,
				33A0AE742970B8BB001BEB32 /* RouterMainProtocol.swift */,
				33A0AE762970B8C4001BEB32 /* Routerable.swift */,
			);
			path = Router;
			sourceTree = "<group>";
		};
		33A0AE782970B8E9001BEB32 /* NetworkAPI */ = {
			isa = PBXGroup;
			children = (
				33A0AE792970B904001BEB32 /* NetworkAPI.swift */,
				33A0AE7B2970B9C9001BEB32 /* RequestType.swift */,
			);
			path = NetworkAPI;
			sourceTree = "<group>";
		};
		33A0AE7D2970B9D8001BEB32 /* MoviesViewController */ = {
			isa = PBXGroup;
			children = (
				33A0AE802970BA07001BEB32 /* Model */,
				33A0AE812970BA0D001BEB32 /* View */,
				33A0AE822970BA14001BEB32 /* Presenter */,
			);
			path = MoviesViewController;
			sourceTree = "<group>";
		};
		33A0AE802970BA07001BEB32 /* Model */ = {
			isa = PBXGroup;
			children = (
				33A0AE872970BA79001BEB32 /* Movies.swift */,
			);
			path = Model;
			sourceTree = "<group>";
		};
		33A0AE812970BA0D001BEB32 /* View */ = {
			isa = PBXGroup;
			children = (
				33A73F70290720F00089B6F2 /* MovieTableViewCell.swift */,
				33A0AE892970BAA8001BEB32 /* MoviesViewController.swift */,
				33A0AE8B2970BAF7001BEB32 /* MoviesViewProtocol.swift */,
			);
			path = View;
			sourceTree = "<group>";
		};
		33A0AE822970BA14001BEB32 /* Presenter */ = {
			isa = PBXGroup;
			children = (
				33A0AE8D2970BB11001BEB32 /* MoviesPresenter.swift */,
				33A0AE8F2970BBC1001BEB32 /* MoviesPresentable.swift */,
			);
			path = Presenter;
			sourceTree = "<group>";
		};
		33A0AE832970BA26001BEB32 /* DetailMoviesViewController */ = {
			isa = PBXGroup;
			children = (
				33A0AE842970BA3C001BEB32 /* Model */,
				33A0AE852970BA45001BEB32 /* View */,
				33A0AE862970BA49001BEB32 /* Presenter */,
			);
			path = DetailMoviesViewController;
			sourceTree = "<group>";
		};
		33A0AE842970BA3C001BEB32 /* Model */ = {
			isa = PBXGroup;
			children = (
				33A0AE912970BC43001BEB32 /* Actor.swift */,
			);
			path = Model;
			sourceTree = "<group>";
		};
		33A0AE852970BA45001BEB32 /* View */ = {
			isa = PBXGroup;
			children = (
				33874BCD29092D740041BBAC /* DetailMoviesViewController.swift */,
				33F12B632970AA7000201D2C /* ActorCollectionViewCell.swift */,
				33A0AE932970BCD1001BEB32 /* DetailMoviesViewProtocol.swift */,
			);
			path = View;
			sourceTree = "<group>";
		};
		33A0AE862970BA49001BEB32 /* Presenter */ = {
			isa = PBXGroup;
			children = (
				33A0AE952970BCEE001BEB32 /* DetailMoviesPresenter.swift */,
				33A0AE972970BCFE001BEB32 /* DetailMoviesable.swift */,
			);
			path = Presenter;
			sourceTree = "<group>";
		};
		33A0AE992970BD0E001BEB32 /* ServiceLayer */ = {
			isa = PBXGroup;
			children = (
				33A0AE9B2970BD43001BEB32 /* NetworkService.swift */,
				33A0AE9D2970BD4C001BEB32 /* NetworkCoreService.swift */,
				33A0AE9F2970BD68001BEB32 /* NetworkServicable.swift */,
			);
			path = ServiceLayer;
			sourceTree = "<group>";
		};
		33A0AE9A2970BD23001BEB32 /* Builder */ = {
			isa = PBXGroup;
			children = (
				33A0AE6D2970B80D001BEB32 /* ModuleBuilder.swift */,
				33A0AE6F2970B891001BEB32 /* Builderable.swift */,
			);
			path = Builder;
			sourceTree = "<group>";
		};
		33F2F3582974A299006982A0 /* Frameworks */ = {
			isa = PBXGroup;
			children = (
			);
			name = Frameworks;
			sourceTree = "<group>";
		};
/* End PBXGroup section */

/* Begin PBXNativeTarget section */
		33100A6C29749729004A6B32 /* MovieMVPTests */ = {
			isa = PBXNativeTarget;
			buildConfigurationList = 33100A732974972A004A6B32 /* Build configuration list for PBXNativeTarget "MovieMVPTests" */;
			buildPhases = (
				33100A6929749729004A6B32 /* Sources */,
				33100A6A29749729004A6B32 /* Frameworks */,
				33100A6B29749729004A6B32 /* Resources */,
			);
			buildRules = (
			);
			dependencies = (
				33100A722974972A004A6B32 /* PBXTargetDependency */,
			);
			name = MovieMVPTests;
			packageProductDependencies = (
				33F2F3592974A299006982A0 /* SwiftyJSON */,
				33F2F35B2974A299006982A0 /* Alamofire */,
				33F2F35D2974A299006982A0 /* Realm */,
				33F2F35F2974A299006982A0 /* RealmSwift */,
				33F2F3612974A299006982A0 /* KeychainSwift */,
			);
			productName = MovieMVPTests;
			productReference = 33100A6D29749729004A6B32 /* MovieMVPTests.xctest */;
			productType = "com.apple.product-type.bundle.unit-test";
		};
		33100A792974973A004A6B32 /* MovieMVPUITests */ = {
			isa = PBXNativeTarget;
			buildConfigurationList = 33100A822974973B004A6B32 /* Build configuration list for PBXNativeTarget "MovieMVPUITests" */;
			buildPhases = (
				33100A762974973A004A6B32 /* Sources */,
				33100A772974973A004A6B32 /* Frameworks */,
				33100A782974973A004A6B32 /* Resources */,
			);
			buildRules = (
			);
			dependencies = (
				33100A812974973B004A6B32 /* PBXTargetDependency */,
			);
			name = MovieMVPUITests;
			productName = MovieMVPUITests;
			productReference = 33100A7A2974973A004A6B32 /* MovieMVPUITests.xctest */;
			productType = "com.apple.product-type.bundle.ui-testing";
		};
		332670B82906C87C00EE3472 /* MovieMVP */ = {
			isa = PBXNativeTarget;
			buildConfigurationList = 332670CD2906C87E00EE3472 /* Build configuration list for PBXNativeTarget "MovieMVP" */;
			buildPhases = (
				332670B52906C87C00EE3472 /* Sources */,
				332670B62906C87C00EE3472 /* Frameworks */,
				332670B72906C87C00EE3472 /* Resources */,
				332670D12906C8CC00EE3472 /* Swift Formatter */,
				332670D02906C88500EE3472 /* Swift Lint */,
			);
			buildRules = (
			);
			dependencies = (
			);
			name = MovieMVP;
			packageProductDependencies = (
				33A0AEA22970BE21001BEB32 /* SwiftyJSON */,
				33A0AEA52970BE45001BEB32 /* Alamofire */,
				33100A4D2973295A004A6B32 /* Realm */,
				33100A4F2973295A004A6B32 /* RealmSwift */,
				33100A5229732971004A6B32 /* KeychainSwift */,
			);
			productName = MovieApp;
			productReference = 332670B92906C87C00EE3472 /* MovieMVP.app */;
			productType = "com.apple.product-type.application";
		};
/* End PBXNativeTarget section */

/* Begin PBXProject section */
		332670B12906C87C00EE3472 /* Project object */ = {
			isa = PBXProject;
			attributes = {
				BuildIndependentTargetsInParallel = 1;
				LastSwiftUpdateCheck = 1410;
				LastUpgradeCheck = 1340;
				TargetAttributes = {
					33100A6C29749729004A6B32 = {
						CreatedOnToolsVersion = 14.1;
						TestTargetID = 332670B82906C87C00EE3472;
					};
					33100A792974973A004A6B32 = {
						CreatedOnToolsVersion = 14.1;
						TestTargetID = 332670B82906C87C00EE3472;
					};
					332670B82906C87C00EE3472 = {
						CreatedOnToolsVersion = 13.4.1;
					};
				};
			};
			buildConfigurationList = 332670B42906C87C00EE3472 /* Build configuration list for PBXProject "MovieMVP" */;
			compatibilityVersion = "Xcode 13.0";
			developmentRegion = en;
			hasScannedForEncodings = 0;
			knownRegions = (
				en,
				Base,
			);
			mainGroup = 332670B02906C87C00EE3472;
			packageReferences = (
				33A0AEA12970BE21001BEB32 /* XCRemoteSwiftPackageReference "SwiftyJSON" */,
				33A0AEA42970BE45001BEB32 /* XCRemoteSwiftPackageReference "Alamofire" */,
				33100A4C2973295A004A6B32 /* XCRemoteSwiftPackageReference "realm-swift" */,
				33100A5129732971004A6B32 /* XCRemoteSwiftPackageReference "keychain-swift" */,
			);
			productRefGroup = 332670BA2906C87C00EE3472 /* Products */;
			projectDirPath = "";
			projectRoot = "";
			targets = (
				332670B82906C87C00EE3472 /* MovieMVP */,
				33100A6C29749729004A6B32 /* MovieMVPTests */,
				33100A792974973A004A6B32 /* MovieMVPUITests */,
			);
		};
/* End PBXProject section */

/* Begin PBXResourcesBuildPhase section */
		33100A6B29749729004A6B32 /* Resources */ = {
			isa = PBXResourcesBuildPhase;
			buildActionMask = 2147483647;
			files = (
			);
			runOnlyForDeploymentPostprocessing = 0;
		};
		33100A782974973A004A6B32 /* Resources */ = {
			isa = PBXResourcesBuildPhase;
			buildActionMask = 2147483647;
			files = (
			);
			runOnlyForDeploymentPostprocessing = 0;
		};
		332670B72906C87C00EE3472 /* Resources */ = {
			isa = PBXResourcesBuildPhase;
			buildActionMask = 2147483647;
			files = (
				33F2F3652974A683006982A0 /* MockMovie.json in Resources */,
				33F2F3662974A683006982A0 /* MockMovieInfo.json in Resources */,
				332670C92906C87E00EE3472 /* LaunchScreen.storyboard in Resources */,
				332670C62906C87E00EE3472 /* Assets.xcassets in Resources */,
				332670C42906C87C00EE3472 /* Main.storyboard in Resources */,
			);
			runOnlyForDeploymentPostprocessing = 0;
		};
/* End PBXResourcesBuildPhase section */

/* Begin PBXShellScriptBuildPhase section */
		332670D02906C88500EE3472 /* Swift Lint */ = {
			isa = PBXShellScriptBuildPhase;
			buildActionMask = 2147483647;
			files = (
			);
			inputFileListPaths = (
			);
			inputPaths = (
			);
			name = "Swift Lint";
			outputFileListPaths = (
			);
			outputPaths = (
			);
			runOnlyForDeploymentPostprocessing = 0;
			shellPath = /bin/sh;
			shellScript = "if which swiftlint > /dev/null; then\n  swiftlint\nelse\n  echo \"warning: SwiftLint not installed, download from https://github.com/realm/SwiftLint\"\nfi\n";
		};
		332670D12906C8CC00EE3472 /* Swift Formatter */ = {
			isa = PBXShellScriptBuildPhase;
			buildActionMask = 2147483647;
			files = (
			);
			inputFileListPaths = (
			);
			inputPaths = (
			);
			name = "Swift Formatter";
			outputFileListPaths = (
			);
			outputPaths = (
			);
			runOnlyForDeploymentPostprocessing = 0;
			shellPath = /bin/sh;
			shellScript = "if which swiftformat >/dev/null; then\n  swiftformat .\nelse\n  echo \"warning: SwiftFormat not installed, download from https://github.com/nicklockwood/SwiftFormat\"\nfi\n\n";
		};
/* End PBXShellScriptBuildPhase section */

/* Begin PBXSourcesBuildPhase section */
		33100A6929749729004A6B32 /* Sources */ = {
			isa = PBXSourcesBuildPhase;
			buildActionMask = 2147483647;
			files = (
				33AC97622974B2AB0079CE3C /* MockRouter.swift in Sources */,
				33AC976A2974CE0D0079CE3C /* MockRealmService.swift in Sources */,
				33AC97662974B4A50079CE3C /* MockDetailMovies.swift in Sources */,
				33100A8529749749004A6B32 /* MockNetworkService.swift in Sources */,
				33AC97602974B0830079CE3C /* ModuleBuilderTest.swift in Sources */,
				33100A87297498FD004A6B32 /* MockMoviesView.swift in Sources */,
				33AC975E2974AFBF0079CE3C /* MockModuleBuilder.swift in Sources */,
				33100A702974972A004A6B32 /* MovieMVPTests.swift in Sources */,
				33AC97642974B41F0079CE3C /* MockDetailMoviesView.swift in Sources */,
			);
			runOnlyForDeploymentPostprocessing = 0;
		};
		33100A762974973A004A6B32 /* Sources */ = {
			isa = PBXSourcesBuildPhase;
			buildActionMask = 2147483647;
			files = (
				33100A7F2974973B004A6B32 /* MovieMVPUITestsLaunchTests.swift in Sources */,
				33100A7D2974973A004A6B32 /* MovieMVPUITests.swift in Sources */,
			);
			runOnlyForDeploymentPostprocessing = 0;
		};
		332670B52906C87C00EE3472 /* Sources */ = {
			isa = PBXSourcesBuildPhase;
			buildActionMask = 2147483647;
			files = (
				33A0AE962970BCEE001BEB32 /* DetailMoviesPresenter.swift in Sources */,
				33100A46297328F2004A6B32 /* RealmServicable.swift in Sources */,
				332670BD2906C87C00EE3472 /* AppDelegate.swift in Sources */,
				33A0AE942970BCD1001BEB32 /* DetailMoviesViewProtocol.swift in Sources */,
				33A0AE772970B8C4001BEB32 /* Routerable.swift in Sources */,
				33A0AE6E2970B80D001BEB32 /* ModuleBuilder.swift in Sources */,
				33F12B642970AA7000201D2C /* ActorCollectionViewCell.swift in Sources */,
				33100A2F297164A6004A6B32 /* UIViewController + Extension.swift in Sources */,
				33A0AE922970BC43001BEB32 /* Actor.swift in Sources */,
				33A73F71290720F00089B6F2 /* MovieTableViewCell.swift in Sources */,
				33100A44297328EA004A6B32 /* RealmService.swift in Sources */,
				33A0AE9C2970BD43001BEB32 /* NetworkService.swift in Sources */,
				33A0AE902970BBC1001BEB32 /* MoviesPresentable.swift in Sources */,
				33A0AE7C2970B9C9001BEB32 /* RequestType.swift in Sources */,
				33A0AE8C2970BAF7001BEB32 /* MoviesViewProtocol.swift in Sources */,
				33A0AE752970B8BB001BEB32 /* RouterMainProtocol.swift in Sources */,
				33874BCE29092D740041BBAC /* DetailMoviesViewController.swift in Sources */,
				33A0AE9E2970BD4C001BEB32 /* NetworkCoreService.swift in Sources */,
				33100A58297357CC004A6B32 /* ImageServicable.swift in Sources */,
				33A0AE8E2970BB11001BEB32 /* MoviesPresenter.swift in Sources */,
				33A0AE8A2970BAA8001BEB32 /* MoviesViewController.swift in Sources */,
				332670BF2906C87C00EE3472 /* SceneDelegate.swift in Sources */,
				33A0AE882970BA79001BEB32 /* Movies.swift in Sources */,
				33A0AE702970B891001BEB32 /* Builderable.swift in Sources */,
				33100A55297357AC004A6B32 /* ImageService.swift in Sources */,
				33100A4B29732933004A6B32 /* KeychainServicable.swift in Sources */,
				33A0AE982970BCFE001BEB32 /* DetailMoviesable.swift in Sources */,
				33A0AE732970B8B0001BEB32 /* Router.swift in Sources */,
				33100A4929732928004A6B32 /* KeychainService.swift in Sources */,
				33A0AE7A2970B904001BEB32 /* NetworkAPI.swift in Sources */,
				33A0AEA02970BD68001BEB32 /* NetworkServicable.swift in Sources */,
			);
			runOnlyForDeploymentPostprocessing = 0;
		};
/* End PBXSourcesBuildPhase section */

/* Begin PBXTargetDependency section */
		33100A722974972A004A6B32 /* PBXTargetDependency */ = {
			isa = PBXTargetDependency;
			target = 332670B82906C87C00EE3472 /* MovieMVP */;
			targetProxy = 33100A712974972A004A6B32 /* PBXContainerItemProxy */;
		};
		33100A812974973B004A6B32 /* PBXTargetDependency */ = {
			isa = PBXTargetDependency;
			target = 332670B82906C87C00EE3472 /* MovieMVP */;
			targetProxy = 33100A802974973B004A6B32 /* PBXContainerItemProxy */;
		};
/* End PBXTargetDependency section */

/* Begin PBXVariantGroup section */
		332670C22906C87C00EE3472 /* Main.storyboard */ = {
			isa = PBXVariantGroup;
			children = (
				332670C32906C87C00EE3472 /* Base */,
			);
			name = Main.storyboard;
			sourceTree = "<group>";
		};
		332670C72906C87E00EE3472 /* LaunchScreen.storyboard */ = {
			isa = PBXVariantGroup;
			children = (
				332670C82906C87E00EE3472 /* Base */,
			);
			name = LaunchScreen.storyboard;
			sourceTree = "<group>";
		};
/* End PBXVariantGroup section */

/* Begin XCBuildConfiguration section */
		33100A742974972A004A6B32 /* Debug */ = {
			isa = XCBuildConfiguration;
			buildSettings = {
				BUNDLE_LOADER = "$(TEST_HOST)";
				CLANG_CXX_LANGUAGE_STANDARD = "gnu++20";
				CODE_SIGN_STYLE = Automatic;
				CURRENT_PROJECT_VERSION = 1;
				GENERATE_INFOPLIST_FILE = YES;
				IPHONEOS_DEPLOYMENT_TARGET = 15.5;
				MARKETING_VERSION = 1.0;
				PRODUCT_BUNDLE_IDENTIFIER = "-.MovieMVPTests";
				PRODUCT_NAME = "$(TARGET_NAME)";
				SWIFT_EMIT_LOC_STRINGS = NO;
				SWIFT_VERSION = 5.0;
				TARGETED_DEVICE_FAMILY = "1,2";
				TEST_HOST = "$(BUILT_PRODUCTS_DIR)/MovieMVP.app/$(BUNDLE_EXECUTABLE_FOLDER_PATH)/MovieMVP";
			};
			name = Debug;
		};
		33100A752974972A004A6B32 /* Release */ = {
			isa = XCBuildConfiguration;
			buildSettings = {
				BUNDLE_LOADER = "$(TEST_HOST)";
				CLANG_CXX_LANGUAGE_STANDARD = "gnu++20";
				CODE_SIGN_STYLE = Automatic;
				CURRENT_PROJECT_VERSION = 1;
				GENERATE_INFOPLIST_FILE = YES;
				IPHONEOS_DEPLOYMENT_TARGET = 15.5;
				MARKETING_VERSION = 1.0;
				PRODUCT_BUNDLE_IDENTIFIER = "-.MovieMVPTests";
				PRODUCT_NAME = "$(TARGET_NAME)";
				SWIFT_EMIT_LOC_STRINGS = NO;
				SWIFT_VERSION = 5.0;
				TARGETED_DEVICE_FAMILY = "1,2";
				TEST_HOST = "$(BUILT_PRODUCTS_DIR)/MovieMVP.app/$(BUNDLE_EXECUTABLE_FOLDER_PATH)/MovieMVP";
			};
			name = Release;
		};
		33100A832974973B004A6B32 /* Debug */ = {
			isa = XCBuildConfiguration;
			buildSettings = {
				CLANG_CXX_LANGUAGE_STANDARD = "gnu++20";
				CODE_SIGN_STYLE = Automatic;
				CURRENT_PROJECT_VERSION = 1;
				GENERATE_INFOPLIST_FILE = YES;
				IPHONEOS_DEPLOYMENT_TARGET = 15.5;
				MARKETING_VERSION = 1.0;
				PRODUCT_BUNDLE_IDENTIFIER = "-.MovieMVPUITests";
				PRODUCT_NAME = "$(TARGET_NAME)";
				SWIFT_EMIT_LOC_STRINGS = NO;
				SWIFT_VERSION = 5.0;
				TARGETED_DEVICE_FAMILY = "1,2";
				TEST_TARGET_NAME = MovieMVP;
			};
			name = Debug;
		};
		33100A842974973B004A6B32 /* Release */ = {
			isa = XCBuildConfiguration;
			buildSettings = {
				CLANG_CXX_LANGUAGE_STANDARD = "gnu++20";
				CODE_SIGN_STYLE = Automatic;
				CURRENT_PROJECT_VERSION = 1;
				GENERATE_INFOPLIST_FILE = YES;
				IPHONEOS_DEPLOYMENT_TARGET = 15.5;
				MARKETING_VERSION = 1.0;
				PRODUCT_BUNDLE_IDENTIFIER = "-.MovieMVPUITests";
				PRODUCT_NAME = "$(TARGET_NAME)";
				SWIFT_EMIT_LOC_STRINGS = NO;
				SWIFT_VERSION = 5.0;
				TARGETED_DEVICE_FAMILY = "1,2";
				TEST_TARGET_NAME = MovieMVP;
			};
			name = Release;
		};
		332670CB2906C87E00EE3472 /* Debug */ = {
			isa = XCBuildConfiguration;
			buildSettings = {
				ALWAYS_SEARCH_USER_PATHS = NO;
				CLANG_ANALYZER_NONNULL = YES;
				CLANG_ANALYZER_NUMBER_OBJECT_CONVERSION = YES_AGGRESSIVE;
				CLANG_CXX_LANGUAGE_STANDARD = "gnu++17";
				CLANG_ENABLE_MODULES = YES;
				CLANG_ENABLE_OBJC_ARC = YES;
				CLANG_ENABLE_OBJC_WEAK = YES;
				CLANG_WARN_BLOCK_CAPTURE_AUTORELEASING = YES;
				CLANG_WARN_BOOL_CONVERSION = YES;
				CLANG_WARN_COMMA = YES;
				CLANG_WARN_CONSTANT_CONVERSION = YES;
				CLANG_WARN_DEPRECATED_OBJC_IMPLEMENTATIONS = YES;
				CLANG_WARN_DIRECT_OBJC_ISA_USAGE = YES_ERROR;
				CLANG_WARN_DOCUMENTATION_COMMENTS = YES;
				CLANG_WARN_EMPTY_BODY = YES;
				CLANG_WARN_ENUM_CONVERSION = YES;
				CLANG_WARN_INFINITE_RECURSION = YES;
				CLANG_WARN_INT_CONVERSION = YES;
				CLANG_WARN_NON_LITERAL_NULL_CONVERSION = YES;
				CLANG_WARN_OBJC_IMPLICIT_RETAIN_SELF = YES;
				CLANG_WARN_OBJC_LITERAL_CONVERSION = YES;
				CLANG_WARN_OBJC_ROOT_CLASS = YES_ERROR;
				CLANG_WARN_QUOTED_INCLUDE_IN_FRAMEWORK_HEADER = YES;
				CLANG_WARN_RANGE_LOOP_ANALYSIS = YES;
				CLANG_WARN_STRICT_PROTOTYPES = YES;
				CLANG_WARN_SUSPICIOUS_MOVE = YES;
				CLANG_WARN_UNGUARDED_AVAILABILITY = YES_AGGRESSIVE;
				CLANG_WARN_UNREACHABLE_CODE = YES;
				CLANG_WARN__DUPLICATE_METHOD_MATCH = YES;
				COPY_PHASE_STRIP = NO;
				DEBUG_INFORMATION_FORMAT = dwarf;
				ENABLE_STRICT_OBJC_MSGSEND = YES;
				ENABLE_TESTABILITY = YES;
				GCC_C_LANGUAGE_STANDARD = gnu11;
				GCC_DYNAMIC_NO_PIC = NO;
				GCC_NO_COMMON_BLOCKS = YES;
				GCC_OPTIMIZATION_LEVEL = 0;
				GCC_PREPROCESSOR_DEFINITIONS = (
					"DEBUG=1",
					"$(inherited)",
				);
				GCC_WARN_64_TO_32_BIT_CONVERSION = YES;
				GCC_WARN_ABOUT_RETURN_TYPE = YES_ERROR;
				GCC_WARN_UNDECLARED_SELECTOR = YES;
				GCC_WARN_UNINITIALIZED_AUTOS = YES_AGGRESSIVE;
				GCC_WARN_UNUSED_FUNCTION = YES;
				GCC_WARN_UNUSED_VARIABLE = YES;
				IPHONEOS_DEPLOYMENT_TARGET = 15.5;
				MTL_ENABLE_DEBUG_INFO = INCLUDE_SOURCE;
				MTL_FAST_MATH = YES;
				ONLY_ACTIVE_ARCH = YES;
				SDKROOT = iphoneos;
				SWIFT_ACTIVE_COMPILATION_CONDITIONS = DEBUG;
				SWIFT_OPTIMIZATION_LEVEL = "-Onone";
			};
			name = Debug;
		};
		332670CC2906C87E00EE3472 /* Release */ = {
			isa = XCBuildConfiguration;
			buildSettings = {
				ALWAYS_SEARCH_USER_PATHS = NO;
				CLANG_ANALYZER_NONNULL = YES;
				CLANG_ANALYZER_NUMBER_OBJECT_CONVERSION = YES_AGGRESSIVE;
				CLANG_CXX_LANGUAGE_STANDARD = "gnu++17";
				CLANG_ENABLE_MODULES = YES;
				CLANG_ENABLE_OBJC_ARC = YES;
				CLANG_ENABLE_OBJC_WEAK = YES;
				CLANG_WARN_BLOCK_CAPTURE_AUTORELEASING = YES;
				CLANG_WARN_BOOL_CONVERSION = YES;
				CLANG_WARN_COMMA = YES;
				CLANG_WARN_CONSTANT_CONVERSION = YES;
				CLANG_WARN_DEPRECATED_OBJC_IMPLEMENTATIONS = YES;
				CLANG_WARN_DIRECT_OBJC_ISA_USAGE = YES_ERROR;
				CLANG_WARN_DOCUMENTATION_COMMENTS = YES;
				CLANG_WARN_EMPTY_BODY = YES;
				CLANG_WARN_ENUM_CONVERSION = YES;
				CLANG_WARN_INFINITE_RECURSION = YES;
				CLANG_WARN_INT_CONVERSION = YES;
				CLANG_WARN_NON_LITERAL_NULL_CONVERSION = YES;
				CLANG_WARN_OBJC_IMPLICIT_RETAIN_SELF = YES;
				CLANG_WARN_OBJC_LITERAL_CONVERSION = YES;
				CLANG_WARN_OBJC_ROOT_CLASS = YES_ERROR;
				CLANG_WARN_QUOTED_INCLUDE_IN_FRAMEWORK_HEADER = YES;
				CLANG_WARN_RANGE_LOOP_ANALYSIS = YES;
				CLANG_WARN_STRICT_PROTOTYPES = YES;
				CLANG_WARN_SUSPICIOUS_MOVE = YES;
				CLANG_WARN_UNGUARDED_AVAILABILITY = YES_AGGRESSIVE;
				CLANG_WARN_UNREACHABLE_CODE = YES;
				CLANG_WARN__DUPLICATE_METHOD_MATCH = YES;
				COPY_PHASE_STRIP = NO;
				DEBUG_INFORMATION_FORMAT = "dwarf-with-dsym";
				ENABLE_NS_ASSERTIONS = NO;
				ENABLE_STRICT_OBJC_MSGSEND = YES;
				GCC_C_LANGUAGE_STANDARD = gnu11;
				GCC_NO_COMMON_BLOCKS = YES;
				GCC_WARN_64_TO_32_BIT_CONVERSION = YES;
				GCC_WARN_ABOUT_RETURN_TYPE = YES_ERROR;
				GCC_WARN_UNDECLARED_SELECTOR = YES;
				GCC_WARN_UNINITIALIZED_AUTOS = YES_AGGRESSIVE;
				GCC_WARN_UNUSED_FUNCTION = YES;
				GCC_WARN_UNUSED_VARIABLE = YES;
				IPHONEOS_DEPLOYMENT_TARGET = 15.5;
				MTL_ENABLE_DEBUG_INFO = NO;
				MTL_FAST_MATH = YES;
				SDKROOT = iphoneos;
				SWIFT_COMPILATION_MODE = wholemodule;
				SWIFT_OPTIMIZATION_LEVEL = "-O";
				VALIDATE_PRODUCT = YES;
			};
			name = Release;
		};
		332670CE2906C87E00EE3472 /* Debug */ = {
			isa = XCBuildConfiguration;
			buildSettings = {
				ASSETCATALOG_COMPILER_APPICON_NAME = AppIcon;
				ASSETCATALOG_COMPILER_GLOBAL_ACCENT_COLOR_NAME = AccentColor;
				CODE_SIGN_STYLE = Automatic;
				CURRENT_PROJECT_VERSION = 1;
				GENERATE_INFOPLIST_FILE = YES;
				INFOPLIST_FILE = MovieMVP/Info.plist;
				INFOPLIST_KEY_UIApplicationSupportsIndirectInputEvents = YES;
				INFOPLIST_KEY_UILaunchStoryboardName = LaunchScreen;
				INFOPLIST_KEY_UIMainStoryboardFile = Main;
				INFOPLIST_KEY_UISupportedInterfaceOrientations_iPad = "UIInterfaceOrientationPortrait UIInterfaceOrientationPortraitUpsideDown UIInterfaceOrientationLandscapeLeft UIInterfaceOrientationLandscapeRight";
				INFOPLIST_KEY_UISupportedInterfaceOrientations_iPhone = "UIInterfaceOrientationPortrait UIInterfaceOrientationLandscapeLeft UIInterfaceOrientationLandscapeRight";
				LD_RUNPATH_SEARCH_PATHS = (
					"$(inherited)",
					"@executable_path/Frameworks",
				);
				MARKETING_VERSION = 1.0;
				PRODUCT_BUNDLE_IDENTIFIER = "-.MovieMVP";
				PRODUCT_NAME = "$(TARGET_NAME)";
				SWIFT_EMIT_LOC_STRINGS = YES;
				SWIFT_VERSION = 5.0;
				TARGETED_DEVICE_FAMILY = "1,2";
			};
			name = Debug;
		};
		332670CF2906C87E00EE3472 /* Release */ = {
			isa = XCBuildConfiguration;
			buildSettings = {
				ASSETCATALOG_COMPILER_APPICON_NAME = AppIcon;
				ASSETCATALOG_COMPILER_GLOBAL_ACCENT_COLOR_NAME = AccentColor;
				CODE_SIGN_STYLE = Automatic;
				CURRENT_PROJECT_VERSION = 1;
				GENERATE_INFOPLIST_FILE = YES;
				INFOPLIST_FILE = MovieMVP/Info.plist;
				INFOPLIST_KEY_UIApplicationSupportsIndirectInputEvents = YES;
				INFOPLIST_KEY_UILaunchStoryboardName = LaunchScreen;
				INFOPLIST_KEY_UIMainStoryboardFile = Main;
				INFOPLIST_KEY_UISupportedInterfaceOrientations_iPad = "UIInterfaceOrientationPortrait UIInterfaceOrientationPortraitUpsideDown UIInterfaceOrientationLandscapeLeft UIInterfaceOrientationLandscapeRight";
				INFOPLIST_KEY_UISupportedInterfaceOrientations_iPhone = "UIInterfaceOrientationPortrait UIInterfaceOrientationLandscapeLeft UIInterfaceOrientationLandscapeRight";
				LD_RUNPATH_SEARCH_PATHS = (
					"$(inherited)",
					"@executable_path/Frameworks",
				);
				MARKETING_VERSION = 1.0;
				PRODUCT_BUNDLE_IDENTIFIER = "-.MovieMVP";
				PRODUCT_NAME = "$(TARGET_NAME)";
				SWIFT_EMIT_LOC_STRINGS = YES;
				SWIFT_VERSION = 5.0;
				TARGETED_DEVICE_FAMILY = "1,2";
			};
			name = Release;
		};
/* End XCBuildConfiguration section */

/* Begin XCConfigurationList section */
		33100A732974972A004A6B32 /* Build configuration list for PBXNativeTarget "MovieMVPTests" */ = {
			isa = XCConfigurationList;
			buildConfigurations = (
				33100A742974972A004A6B32 /* Debug */,
				33100A752974972A004A6B32 /* Release */,
			);
			defaultConfigurationIsVisible = 0;
			defaultConfigurationName = Release;
		};
		33100A822974973B004A6B32 /* Build configuration list for PBXNativeTarget "MovieMVPUITests" */ = {
			isa = XCConfigurationList;
			buildConfigurations = (
				33100A832974973B004A6B32 /* Debug */,
				33100A842974973B004A6B32 /* Release */,
			);
			defaultConfigurationIsVisible = 0;
			defaultConfigurationName = Release;
		};
		332670B42906C87C00EE3472 /* Build configuration list for PBXProject "MovieMVP" */ = {
			isa = XCConfigurationList;
			buildConfigurations = (
				332670CB2906C87E00EE3472 /* Debug */,
				332670CC2906C87E00EE3472 /* Release */,
			);
			defaultConfigurationIsVisible = 0;
			defaultConfigurationName = Release;
		};
		332670CD2906C87E00EE3472 /* Build configuration list for PBXNativeTarget "MovieMVP" */ = {
			isa = XCConfigurationList;
			buildConfigurations = (
				332670CE2906C87E00EE3472 /* Debug */,
				332670CF2906C87E00EE3472 /* Release */,
			);
			defaultConfigurationIsVisible = 0;
			defaultConfigurationName = Release;
		};
/* End XCConfigurationList section */

/* Begin XCRemoteSwiftPackageReference section */
		33100A4C2973295A004A6B32 /* XCRemoteSwiftPackageReference "realm-swift" */ = {
			isa = XCRemoteSwiftPackageReference;
			repositoryURL = "https://github.com/realm/realm-swift";
			requirement = {
				branch = master;
				kind = branch;
			};
		};
		33100A5129732971004A6B32 /* XCRemoteSwiftPackageReference "keychain-swift" */ = {
			isa = XCRemoteSwiftPackageReference;
			repositoryURL = "https://github.com/evgenyneu/keychain-swift";
			requirement = {
				branch = master;
				kind = branch;
			};
		};
		33A0AEA12970BE21001BEB32 /* XCRemoteSwiftPackageReference "SwiftyJSON" */ = {
			isa = XCRemoteSwiftPackageReference;
			repositoryURL = "https://github.com/SwiftyJSON/SwiftyJSON";
			requirement = {
				branch = master;
				kind = branch;
			};
		};
		33A0AEA42970BE45001BEB32 /* XCRemoteSwiftPackageReference "Alamofire" */ = {
			isa = XCRemoteSwiftPackageReference;
			repositoryURL = "https://github.com/Alamofire/Alamofire";
			requirement = {
				branch = master;
				kind = branch;
			};
		};
/* End XCRemoteSwiftPackageReference section */

/* Begin XCSwiftPackageProductDependency section */
		33100A4D2973295A004A6B32 /* Realm */ = {
			isa = XCSwiftPackageProductDependency;
			package = 33100A4C2973295A004A6B32 /* XCRemoteSwiftPackageReference "realm-swift" */;
			productName = Realm;
		};
		33100A4F2973295A004A6B32 /* RealmSwift */ = {
			isa = XCSwiftPackageProductDependency;
			package = 33100A4C2973295A004A6B32 /* XCRemoteSwiftPackageReference "realm-swift" */;
			productName = RealmSwift;
		};
		33100A5229732971004A6B32 /* KeychainSwift */ = {
			isa = XCSwiftPackageProductDependency;
			package = 33100A5129732971004A6B32 /* XCRemoteSwiftPackageReference "keychain-swift" */;
			productName = KeychainSwift;
		};
		33A0AEA22970BE21001BEB32 /* SwiftyJSON */ = {
			isa = XCSwiftPackageProductDependency;
			package = 33A0AEA12970BE21001BEB32 /* XCRemoteSwiftPackageReference "SwiftyJSON" */;
			productName = SwiftyJSON;
		};
		33A0AEA52970BE45001BEB32 /* Alamofire */ = {
			isa = XCSwiftPackageProductDependency;
			package = 33A0AEA42970BE45001BEB32 /* XCRemoteSwiftPackageReference "Alamofire" */;
			productName = Alamofire;
		};
		33F2F3592974A299006982A0 /* SwiftyJSON */ = {
			isa = XCSwiftPackageProductDependency;
			package = 33A0AEA12970BE21001BEB32 /* XCRemoteSwiftPackageReference "SwiftyJSON" */;
			productName = SwiftyJSON;
		};
		33F2F35B2974A299006982A0 /* Alamofire */ = {
			isa = XCSwiftPackageProductDependency;
			package = 33A0AEA42970BE45001BEB32 /* XCRemoteSwiftPackageReference "Alamofire" */;
			productName = Alamofire;
		};
		33F2F35D2974A299006982A0 /* Realm */ = {
			isa = XCSwiftPackageProductDependency;
			package = 33100A4C2973295A004A6B32 /* XCRemoteSwiftPackageReference "realm-swift" */;
			productName = Realm;
		};
		33F2F35F2974A299006982A0 /* RealmSwift */ = {
			isa = XCSwiftPackageProductDependency;
			package = 33100A4C2973295A004A6B32 /* XCRemoteSwiftPackageReference "realm-swift" */;
			productName = RealmSwift;
		};
		33F2F3612974A299006982A0 /* KeychainSwift */ = {
			isa = XCSwiftPackageProductDependency;
			package = 33100A5129732971004A6B32 /* XCRemoteSwiftPackageReference "keychain-swift" */;
			productName = KeychainSwift;
		};
/* End XCSwiftPackageProductDependency section */
	};
	rootObject = 332670B12906C87C00EE3472 /* Project object */;
}
